// !$*UTF8*$!
{
	archiveVersion = 1;
	classes = {
	};
	objectVersion = 50;
	objects = {

/* Begin PBXBuildFile section */
		2B1E9C4920FE6A8C005FCBD0 /* LoadViewController.swift in Sources */ = {isa = PBXBuildFile; fileRef = 2B1E9C4820FE6A8C005FCBD0 /* LoadViewController.swift */; };
		2B1E9CAA20FFDB29005FCBD0 /* Alamofire.framework in Frameworks */ = {isa = PBXBuildFile; fileRef = 2B1E9C9D20FFDB17005FCBD0 /* Alamofire.framework */; };
		2B1E9CAB20FFDB29005FCBD0 /* Alamofire.framework in Embed Frameworks */ = {isa = PBXBuildFile; fileRef = 2B1E9C9D20FFDB17005FCBD0 /* Alamofire.framework */; settings = {ATTRIBUTES = (CodeSignOnCopy, RemoveHeadersOnCopy, ); }; };
		2B1E9CC820FFEB68005FCBD0 /* SwiftyJSON.framework in Frameworks */ = {isa = PBXBuildFile; fileRef = 2B1E9CBB20FFEB3E005FCBD0 /* SwiftyJSON.framework */; };
		2B1E9CC920FFEB68005FCBD0 /* SwiftyJSON.framework in Embed Frameworks */ = {isa = PBXBuildFile; fileRef = 2B1E9CBB20FFEB3E005FCBD0 /* SwiftyJSON.framework */; settings = {ATTRIBUTES = (CodeSignOnCopy, RemoveHeadersOnCopy, ); }; };
		2B1E9D1921025218005FCBD0 /* ScannerViewController.swift in Sources */ = {isa = PBXBuildFile; fileRef = 2B1E9D1821025218005FCBD0 /* ScannerViewController.swift */; };
		2B356E102102B10800CCCA5A /* Path 1.png in Resources */ = {isa = PBXBuildFile; fileRef = 2B356E0D2102B10700CCCA5A /* Path 1.png */; };
		2B356E112102B10800CCCA5A /* Rectangle 1.png in Resources */ = {isa = PBXBuildFile; fileRef = 2B356E0E2102B10800CCCA5A /* Rectangle 1.png */; };
		2B356E452102B63F00CCCA5A /* Spotlight Icon - 120x120.png in Resources */ = {isa = PBXBuildFile; fileRef = 2B356E342102B63D00CCCA5A /* Spotlight Icon - 120x120.png */; };
		2B356E462102B63F00CCCA5A /* Settings Icon - 58x58.png in Resources */ = {isa = PBXBuildFile; fileRef = 2B356E352102B63E00CCCA5A /* Settings Icon - 58x58.png */; };
		2B356E472102B63F00CCCA5A /* Spotlight Icon - 40x40.png in Resources */ = {isa = PBXBuildFile; fileRef = 2B356E362102B63E00CCCA5A /* Spotlight Icon - 40x40.png */; };
		2B356E482102B63F00CCCA5A /* App Icon - 180x180.png in Resources */ = {isa = PBXBuildFile; fileRef = 2B356E372102B63E00CCCA5A /* App Icon - 180x180.png */; };
		2B356E492102B63F00CCCA5A /* App Icon - 120x120.png in Resources */ = {isa = PBXBuildFile; fileRef = 2B356E382102B63E00CCCA5A /* App Icon - 120x120.png */; };
		2B356E4A2102B63F00CCCA5A /* App Icon Main - 1024x1024.png in Resources */ = {isa = PBXBuildFile; fileRef = 2B356E392102B63E00CCCA5A /* App Icon Main - 1024x1024.png */; };
		2B356E4B2102B63F00CCCA5A /* App Icon - 114x114.png in Resources */ = {isa = PBXBuildFile; fileRef = 2B356E3A2102B63E00CCCA5A /* App Icon - 114x114.png */; };
		2B356E4C2102B63F00CCCA5A /* Notifications and Activity - 01.png in Resources */ = {isa = PBXBuildFile; fileRef = 2B356E3B2102B63E00CCCA5A /* Notifications and Activity - 01.png */; };
		2B356E4D2102B63F00CCCA5A /* Settings Icon - 29x29.png in Resources */ = {isa = PBXBuildFile; fileRef = 2B356E3C2102B63E00CCCA5A /* Settings Icon - 29x29.png */; };
		2B356E4E2102B63F00CCCA5A /* Spotlight Icon - 29x29.png in Resources */ = {isa = PBXBuildFile; fileRef = 2B356E3D2102B63E00CCCA5A /* Spotlight Icon - 29x29.png */; };
		2B356E4F2102B63F00CCCA5A /* Settings Icon - 87x87.png in Resources */ = {isa = PBXBuildFile; fileRef = 2B356E3E2102B63E00CCCA5A /* Settings Icon - 87x87.png */; };
		2B356E502102B63F00CCCA5A /* App Icon - 60x60.png in Resources */ = {isa = PBXBuildFile; fileRef = 2B356E3F2102B63E00CCCA5A /* App Icon - 60x60.png */; };
		2B356E512102B63F00CCCA5A /* Spotlight Icon - 80x80.png in Resources */ = {isa = PBXBuildFile; fileRef = 2B356E402102B63F00CCCA5A /* Spotlight Icon - 80x80.png */; };
		2B356E522102B63F00CCCA5A /* Notifications and Activity - 02.png in Resources */ = {isa = PBXBuildFile; fileRef = 2B356E412102B63F00CCCA5A /* Notifications and Activity - 02.png */; };
		2B356E532102B63F00CCCA5A /* App Icon - 57x57.png in Resources */ = {isa = PBXBuildFile; fileRef = 2B356E422102B63F00CCCA5A /* App Icon - 57x57.png */; };
		2B356E542102B63F00CCCA5A /* Notifications and Activity - 03.png in Resources */ = {isa = PBXBuildFile; fileRef = 2B356E432102B63F00CCCA5A /* Notifications and Activity - 03.png */; };
		2B356E552102B63F00CCCA5A /* Spotlight Icon - 58x58.png in Resources */ = {isa = PBXBuildFile; fileRef = 2B356E442102B63F00CCCA5A /* Spotlight Icon - 58x58.png */; };
		2B38071A211B156500B49E4D /* camera-24.ico in Resources */ = {isa = PBXBuildFile; fileRef = 2B380719211B156500B49E4D /* camera-24.ico */; };
		2B38071C211B79E800B49E4D /* screenshotbutton@3x.png in Resources */ = {isa = PBXBuildFile; fileRef = 2B38071B211B79E700B49E4D /* screenshotbutton@3x.png */; };
		2B38071E211B7A5000B49E4D /* View Broadcast Button@3x.png in Resources */ = {isa = PBXBuildFile; fileRef = 2B38071D211B7A5000B49E4D /* View Broadcast Button@3x.png */; };
		2B380720211B7A8100B49E4D /* Bottom bar no text@3x.png in Resources */ = {isa = PBXBuildFile; fileRef = 2B38071F211B7A8000B49E4D /* Bottom bar no text@3x.png */; };
		2B380722211B7AB100B49E4D /* Bottom bar no text@3x.png in Resources */ = {isa = PBXBuildFile; fileRef = 2B380721211B7AB000B49E4D /* Bottom bar no text@3x.png */; };
		2B380724211B7CBC00B49E4D /* tickphoto.png in Resources */ = {isa = PBXBuildFile; fileRef = 2B380723211B7CBB00B49E4D /* tickphoto.png */; };
		2B380726211B83B700B49E4D /* broadcastover@3x.png in Resources */ = {isa = PBXBuildFile; fileRef = 2B380725211B83B600B49E4D /* broadcastover@3x.png */; };
		2B380728211B83BB00B49E4D /* photosaved@3x.png in Resources */ = {isa = PBXBuildFile; fileRef = 2B380727211B83BA00B49E4D /* photosaved@3x.png */; };
		2B38072A211B853C00B49E4D /* greyedoutover@3x.png in Resources */ = {isa = PBXBuildFile; fileRef = 2B380729211B853B00B49E4D /* greyedoutover@3x.png */; };
		2B3807412120D4B500B49E4D /* Path 1.png in Resources */ = {isa = PBXBuildFile; fileRef = 2B38073D2120D4B200B49E4D /* Path 1.png */; };
		2B3807422120D4B500B49E4D /* Rectangle 1.png in Resources */ = {isa = PBXBuildFile; fileRef = 2B38073E2120D4B300B49E4D /* Rectangle 1.png */; };
		2B3807432120D4B500B49E4D /* Bottom bar no text@3x.png in Resources */ = {isa = PBXBuildFile; fileRef = 2B38073F2120D4B400B49E4D /* Bottom bar no text@3x.png */; };
		2B3807442120D4B500B49E4D /* splashscreen_new@3x.png in Resources */ = {isa = PBXBuildFile; fileRef = 2B3807402120D4B400B49E4D /* splashscreen_new@3x.png */; };
		2B41232620F8581600F9523A /* AppDelegate.swift in Sources */ = {isa = PBXBuildFile; fileRef = 2B41232520F8581600F9523A /* AppDelegate.swift */; };
		2B41232820F8581600F9523A /* ViewController.swift in Sources */ = {isa = PBXBuildFile; fileRef = 2B41232720F8581600F9523A /* ViewController.swift */; };
		2B41232B20F8581600F9523A /* Main.storyboard in Resources */ = {isa = PBXBuildFile; fileRef = 2B41232920F8581600F9523A /* Main.storyboard */; };
		2B41232D20F8581800F9523A /* Assets.xcassets in Resources */ = {isa = PBXBuildFile; fileRef = 2B41232C20F8581800F9523A /* Assets.xcassets */; };
		2B41233020F8581800F9523A /* LaunchScreen.storyboard in Resources */ = {isa = PBXBuildFile; fileRef = 2B41232E20F8581800F9523A /* LaunchScreen.storyboard */; };
		2B41233920F8584E00F9523A /* VideoToolbox.framework in Frameworks */ = {isa = PBXBuildFile; fileRef = 2B41233820F8584E00F9523A /* VideoToolbox.framework */; };
		2B41233B20F8585C00F9523A /* UIKit.framework in Frameworks */ = {isa = PBXBuildFile; fileRef = 2B41233A20F8585C00F9523A /* UIKit.framework */; };
		2B41233D20F8586D00F9523A /* SystemConfiguration.framework in Frameworks */ = {isa = PBXBuildFile; fileRef = 2B41233C20F8586D00F9523A /* SystemConfiguration.framework */; };
		2B41233F20F8587B00F9523A /* QuartzCore.framework in Frameworks */ = {isa = PBXBuildFile; fileRef = 2B41233E20F8587B00F9523A /* QuartzCore.framework */; };
		2B41234120F8588600F9523A /* Foundation.framework in Frameworks */ = {isa = PBXBuildFile; fileRef = 2B41234020F8588600F9523A /* Foundation.framework */; };
		2B41234320F8588E00F9523A /* CoreVideo.framework in Frameworks */ = {isa = PBXBuildFile; fileRef = 2B41234220F8588E00F9523A /* CoreVideo.framework */; };
		2B41234520F8589600F9523A /* CoreMedia.framework in Frameworks */ = {isa = PBXBuildFile; fileRef = 2B41234420F8589600F9523A /* CoreMedia.framework */; };
		2B41234720F858A900F9523A /* CoreLocation.framework in Frameworks */ = {isa = PBXBuildFile; fileRef = 2B41234620F858A900F9523A /* CoreLocation.framework */; };
		2B41234920F858AF00F9523A /* CoreGraphics.framework in Frameworks */ = {isa = PBXBuildFile; fileRef = 2B41234820F858AF00F9523A /* CoreGraphics.framework */; };
		2B41234B20F858B800F9523A /* AVFoundation.framework in Frameworks */ = {isa = PBXBuildFile; fileRef = 2B41234A20F858B800F9523A /* AVFoundation.framework */; };
		2B41234D20F858C200F9523A /* AudioToolbox.framework in Frameworks */ = {isa = PBXBuildFile; fileRef = 2B41234C20F858C200F9523A /* AudioToolbox.framework */; };
		2B41234F20F858CC00F9523A /* libz.tbd in Frameworks */ = {isa = PBXBuildFile; fileRef = 2B41234E20F858CC00F9523A /* libz.tbd */; };
		2B41235120F858D500F9523A /* libc++.tbd in Frameworks */ = {isa = PBXBuildFile; fileRef = 2B41235020F858D500F9523A /* libc++.tbd */; };
		2B41235320F858FB00F9523A /* prebuilt in Resources */ = {isa = PBXBuildFile; fileRef = 2B41235220F858FB00F9523A /* prebuilt */; };
		2B41235520F8595500F9523A /* libbambuser.a in Frameworks */ = {isa = PBXBuildFile; fileRef = 2B41235420F8595400F9523A /* libbambuser.a */; };
		2B41235720F8595D00F9523A /* libbambuserplayer.a in Frameworks */ = {isa = PBXBuildFile; fileRef = 2B41235620F8595D00F9523A /* libbambuserplayer.a */; };
		2B5F93062118E25A00A78022 /* splashscreen_new@3x.png in Resources */ = {isa = PBXBuildFile; fileRef = 2B5F92F72118E25A00A78022 /* splashscreen_new@3x.png */; };
		2BA0CCD62113117B0093C5BC /* qr-code-icon-18-ffffff-25.png in Resources */ = {isa = PBXBuildFile; fileRef = 2BA0CCD52113117B0093C5BC /* qr-code-icon-18-ffffff-25.png */; };
		2BA0CCE021131B140093C5BC /* icons8-left-30.png in Resources */ = {isa = PBXBuildFile; fileRef = 2BA0CCDF21131B140093C5BC /* icons8-left-30.png */; };
		2BA0CCE22113A0C20093C5BC /* Spinner-1s-200px.gif in Resources */ = {isa = PBXBuildFile; fileRef = 2BA0CCE12113A0C20093C5BC /* Spinner-1s-200px.gif */; };
		2BA0CCE42113A3A20093C5BC /* loading.png in Resources */ = {isa = PBXBuildFile; fileRef = 2BA0CCE32113A3A10093C5BC /* loading.png */; };
		2BA0CCE62113A4770093C5BC /* loadingt.png in Resources */ = {isa = PBXBuildFile; fileRef = 2BA0CCE52113A4770093C5BC /* loadingt.png */; };
		2BA0CCEA2113A80B0093C5BC /* topbar.png in Resources */ = {isa = PBXBuildFile; fileRef = 2BA0CCE92113A80B0093C5BC /* topbar.png */; };
		2BA0CCFC211454A50093C5BC /* AdobeStock_162421756_Video_HD_Preview.mov in Resources */ = {isa = PBXBuildFile; fileRef = 2BA0CCED211454A50093C5BC /* AdobeStock_162421756_Video_HD_Preview.mov */; };
		2BA0CCFE211455110093C5BC /* homeViewController.swift in Sources */ = {isa = PBXBuildFile; fileRef = 2BA0CCFD211455110093C5BC /* homeViewController.swift */; };
		2BA0CD0A2114B9C40093C5BC /* greyedout@3x.png in Resources */ = {isa = PBXBuildFile; fileRef = 2BA0CD092114B9C40093C5BC /* greyedout@3x.png */; };
		2BA0CD112114BC240093C5BC /* Dismiss Button@3x.png in Resources */ = {isa = PBXBuildFile; fileRef = 2BA0CD0B2114BC230093C5BC /* Dismiss Button@3x.png */; };
		2BA0CD122114BC240093C5BC /* Red Bottom Bar@3x.png in Resources */ = {isa = PBXBuildFile; fileRef = 2BA0CD0C2114BC230093C5BC /* Red Bottom Bar@3x.png */; };
		2BA0CD132114BC240093C5BC /* TopBar@3x.png in Resources */ = {isa = PBXBuildFile; fileRef = 2BA0CD0D2114BC240093C5BC /* TopBar@3x.png */; };
		2BA0CD142114BC240093C5BC /* Topbar no text@3x.png in Resources */ = {isa = PBXBuildFile; fileRef = 2BA0CD0E2114BC240093C5BC /* Topbar no text@3x.png */; };
		2BA0CD152114BC240093C5BC /* Rectangle Button@3x.png in Resources */ = {isa = PBXBuildFile; fileRef = 2BA0CD0F2114BC240093C5BC /* Rectangle Button@3x.png */; };
		2BA0CD162114BC240093C5BC /* Bottom bar no text@3x.png in Resources */ = {isa = PBXBuildFile; fileRef = 2BA0CD102114BC240093C5BC /* Bottom bar no text@3x.png */; };
		2BA0CD182114BC4F0093C5BC /* BottomBar@3x.png in Resources */ = {isa = PBXBuildFile; fileRef = 2BA0CD172114BC4E0093C5BC /* BottomBar@3x.png */; };
		2BA0CD1A2114E1300093C5BC /* WebViewContent.html in Resources */ = {isa = PBXBuildFile; fileRef = 2BA0CD192114E1300093C5BC /* WebViewContent.html */; };
		2BA0CD1C2114E3780093C5BC /* AdobeStock_162421756_Video_HD_Preview.gif in Resources */ = {isa = PBXBuildFile; fileRef = 2BA0CD1B2114E3770093C5BC /* AdobeStock_162421756_Video_HD_Preview.gif */; };
		2BA0CD1E2114EF810093C5BC /* appmovie.gif in Resources */ = {isa = PBXBuildFile; fileRef = 2BA0CD1D2114EF800093C5BC /* appmovie.gif */; };
		2BA0CD202114F4D90093C5BC /* Topbar no text.png in Resources */ = {isa = PBXBuildFile; fileRef = 2BA0CD1F2114F4D90093C5BC /* Topbar no text.png */; };
		2BA0CD26211504D50093C5BC /* FirstCustomSegue.swift in Sources */ = {isa = PBXBuildFile; fileRef = 2BA0CD25211504D50093C5BC /* FirstCustomSegue.swift */; };
/* End PBXBuildFile section */

/* Begin PBXContainerItemProxy section */
		2B1E9C9C20FFDB17005FCBD0 /* PBXContainerItemProxy */ = {
			isa = PBXContainerItemProxy;
			containerPortal = 2B1E9C9120FFDB17005FCBD0 /* Alamofire.xcodeproj */;
			proxyType = 2;
			remoteGlobalIDString = F8111E3319A95C8B0040E7D1;
			remoteInfo = "Alamofire iOS";
		};
		2B1E9C9E20FFDB17005FCBD0 /* PBXContainerItemProxy */ = {
			isa = PBXContainerItemProxy;
			containerPortal = 2B1E9C9120FFDB17005FCBD0 /* Alamofire.xcodeproj */;
			proxyType = 2;
			remoteGlobalIDString = F8111E3E19A95C8B0040E7D1;
			remoteInfo = "Alamofire iOS Tests";
		};
		2B1E9CA020FFDB17005FCBD0 /* PBXContainerItemProxy */ = {
			isa = PBXContainerItemProxy;
			containerPortal = 2B1E9C9120FFDB17005FCBD0 /* Alamofire.xcodeproj */;
			proxyType = 2;
			remoteGlobalIDString = 4DD67C0B1A5C55C900ED2280;
			remoteInfo = "Alamofire macOS";
		};
		2B1E9CA220FFDB17005FCBD0 /* PBXContainerItemProxy */ = {
			isa = PBXContainerItemProxy;
			containerPortal = 2B1E9C9120FFDB17005FCBD0 /* Alamofire.xcodeproj */;
			proxyType = 2;
			remoteGlobalIDString = F829C6B21A7A94F100A2CD59;
			remoteInfo = "Alamofire macOS Tests";
		};
		2B1E9CA420FFDB17005FCBD0 /* PBXContainerItemProxy */ = {
			isa = PBXContainerItemProxy;
			containerPortal = 2B1E9C9120FFDB17005FCBD0 /* Alamofire.xcodeproj */;
			proxyType = 2;
			remoteGlobalIDString = 4CF626EF1BA7CB3E0011A099;
			remoteInfo = "Alamofire tvOS";
		};
		2B1E9CA620FFDB17005FCBD0 /* PBXContainerItemProxy */ = {
			isa = PBXContainerItemProxy;
			containerPortal = 2B1E9C9120FFDB17005FCBD0 /* Alamofire.xcodeproj */;
			proxyType = 2;
			remoteGlobalIDString = 4CF626F81BA7CB3E0011A099;
			remoteInfo = "Alamofire tvOS Tests";
		};
		2B1E9CA820FFDB17005FCBD0 /* PBXContainerItemProxy */ = {
			isa = PBXContainerItemProxy;
			containerPortal = 2B1E9C9120FFDB17005FCBD0 /* Alamofire.xcodeproj */;
			proxyType = 2;
			remoteGlobalIDString = E4202FE01B667AA100C997FB;
			remoteInfo = "Alamofire watchOS";
		};
		2B1E9CAC20FFDB29005FCBD0 /* PBXContainerItemProxy */ = {
			isa = PBXContainerItemProxy;
			containerPortal = 2B1E9C9120FFDB17005FCBD0 /* Alamofire.xcodeproj */;
			proxyType = 1;
			remoteGlobalIDString = F8111E3219A95C8B0040E7D1;
			remoteInfo = "Alamofire iOS";
		};
		2B1E9CBA20FFEB3E005FCBD0 /* PBXContainerItemProxy */ = {
			isa = PBXContainerItemProxy;
			containerPortal = 2B1E9CAF20FFEB3E005FCBD0 /* SwiftyJSON.xcodeproj */;
			proxyType = 2;
			remoteGlobalIDString = 2E4FEFDB19575BE100351305;
			remoteInfo = "SwiftyJSON iOS";
		};
		2B1E9CBC20FFEB3E005FCBD0 /* PBXContainerItemProxy */ = {
			isa = PBXContainerItemProxy;
			containerPortal = 2B1E9CAF20FFEB3E005FCBD0 /* SwiftyJSON.xcodeproj */;
			proxyType = 2;
			remoteGlobalIDString = 2E4FEFE619575BE100351305;
			remoteInfo = "SwiftyJSON iOS Tests";
		};
		2B1E9CBE20FFEB3E005FCBD0 /* PBXContainerItemProxy */ = {
			isa = PBXContainerItemProxy;
			containerPortal = 2B1E9CAF20FFEB3E005FCBD0 /* SwiftyJSON.xcodeproj */;
			proxyType = 2;
			remoteGlobalIDString = 9C7DFC5B1A9102BD005AA3F7;
			remoteInfo = "SwiftyJSON macOS";
		};
		2B1E9CC020FFEB3E005FCBD0 /* PBXContainerItemProxy */ = {
			isa = PBXContainerItemProxy;
			containerPortal = 2B1E9CAF20FFEB3E005FCBD0 /* SwiftyJSON.xcodeproj */;
			proxyType = 2;
			remoteGlobalIDString = 9C7DFC651A9102BD005AA3F7;
			remoteInfo = "SwiftyJSON macOS Tests";
		};
		2B1E9CC220FFEB3E005FCBD0 /* PBXContainerItemProxy */ = {
			isa = PBXContainerItemProxy;
			containerPortal = 2B1E9CAF20FFEB3E005FCBD0 /* SwiftyJSON.xcodeproj */;
			proxyType = 2;
			remoteGlobalIDString = E4D7CCE81B9465A700EE7221;
			remoteInfo = "SwiftyJSON watchOS";
		};
		2B1E9CC420FFEB3E005FCBD0 /* PBXContainerItemProxy */ = {
			isa = PBXContainerItemProxy;
			containerPortal = 2B1E9CAF20FFEB3E005FCBD0 /* SwiftyJSON.xcodeproj */;
			proxyType = 2;
			remoteGlobalIDString = 7236B4F61BAC14150020529B;
			remoteInfo = "SwiftyJSON tvOS";
		};
		2B1E9CC620FFEB3E005FCBD0 /* PBXContainerItemProxy */ = {
			isa = PBXContainerItemProxy;
			containerPortal = 2B1E9CAF20FFEB3E005FCBD0 /* SwiftyJSON.xcodeproj */;
			proxyType = 2;
			remoteGlobalIDString = A8580F741BCF5C5B00DA927B;
			remoteInfo = "SwiftyJSON tvOS Tests";
		};
		2B1E9CCA20FFEB68005FCBD0 /* PBXContainerItemProxy */ = {
			isa = PBXContainerItemProxy;
			containerPortal = 2B1E9CAF20FFEB3E005FCBD0 /* SwiftyJSON.xcodeproj */;
			proxyType = 1;
			remoteGlobalIDString = 2E4FEFDA19575BE100351305;
			remoteInfo = "SwiftyJSON iOS";
		};
/* End PBXContainerItemProxy section */

/* Begin PBXCopyFilesBuildPhase section */
		2B1E9CAE20FFDB29005FCBD0 /* Embed Frameworks */ = {
			isa = PBXCopyFilesBuildPhase;
			buildActionMask = 2147483647;
			dstPath = "";
			dstSubfolderSpec = 10;
			files = (
				2B1E9CC920FFEB68005FCBD0 /* SwiftyJSON.framework in Embed Frameworks */,
				2B1E9CAB20FFDB29005FCBD0 /* Alamofire.framework in Embed Frameworks */,
			);
			name = "Embed Frameworks";
			runOnlyForDeploymentPostprocessing = 0;
		};
/* End PBXCopyFilesBuildPhase section */

/* Begin PBXFileReference section */
		2B1E9C4220FE6709005FCBD0 /* libbambuser.h */ = {isa = PBXFileReference; fileEncoding = 4; lastKnownFileType = sourcecode.c.h; path = libbambuser.h; sourceTree = "<group>"; };
		2B1E9C4320FE6739005FCBD0 /* libbambuserplayer-constants.h */ = {isa = PBXFileReference; lastKnownFileType = sourcecode.c.h; path = "libbambuserplayer-constants.h"; sourceTree = "<group>"; };
		2B1E9C4420FE673A005FCBD0 /* BambuserViewDelegate.h */ = {isa = PBXFileReference; lastKnownFileType = sourcecode.c.h; path = BambuserViewDelegate.h; sourceTree = "<group>"; };
		2B1E9C4520FE673A005FCBD0 /* BambuserConstants.h */ = {isa = PBXFileReference; lastKnownFileType = sourcecode.c.h; path = BambuserConstants.h; sourceTree = "<group>"; };
		2B1E9C4620FE673A005FCBD0 /* libbambuser.h */ = {isa = PBXFileReference; lastKnownFileType = sourcecode.c.h; name = libbambuser.h; path = Bambuser/libbambuser.h; sourceTree = SOURCE_ROOT; };
		2B1E9C4720FE673A005FCBD0 /* libbambuserplayer.h */ = {isa = PBXFileReference; lastKnownFileType = sourcecode.c.h; path = libbambuserplayer.h; sourceTree = "<group>"; };
		2B1E9C4820FE6A8C005FCBD0 /* LoadViewController.swift */ = {isa = PBXFileReference; lastKnownFileType = sourcecode.swift; path = LoadViewController.swift; sourceTree = "<group>"; };
		2B1E9C4D20FE6D67005FCBD0 /* libbambuserplayer-bridge.h */ = {isa = PBXFileReference; fileEncoding = 4; lastKnownFileType = sourcecode.c.h; path = "libbambuserplayer-bridge.h"; sourceTree = "<group>"; };
		2B1E9C9120FFDB17005FCBD0 /* Alamofire.xcodeproj */ = {isa = PBXFileReference; lastKnownFileType = "wrapper.pb-project"; name = Alamofire.xcodeproj; path = Alamofire/Alamofire.xcodeproj; sourceTree = "<group>"; };
		2B1E9CAF20FFEB3E005FCBD0 /* SwiftyJSON.xcodeproj */ = {isa = PBXFileReference; lastKnownFileType = "wrapper.pb-project"; name = SwiftyJSON.xcodeproj; path = "../../Downloads/SwiftyJSON-master/SwiftyJSON.xcodeproj"; sourceTree = "<group>"; };
		2B1E9D1821025218005FCBD0 /* ScannerViewController.swift */ = {isa = PBXFileReference; lastKnownFileType = sourcecode.swift; path = ScannerViewController.swift; sourceTree = "<group>"; };
		2B356E0D2102B10700CCCA5A /* Path 1.png */ = {isa = PBXFileReference; lastKnownFileType = image.png; name = "Path 1.png"; path = "../../Path 1.png"; sourceTree = "<group>"; };
		2B356E0E2102B10800CCCA5A /* Rectangle 1.png */ = {isa = PBXFileReference; lastKnownFileType = image.png; name = "Rectangle 1.png"; path = "../../Rectangle 1.png"; sourceTree = "<group>"; };
		2B356E342102B63D00CCCA5A /* Spotlight Icon - 120x120.png */ = {isa = PBXFileReference; lastKnownFileType = image.png; name = "Spotlight Icon - 120x120.png"; path = "../../AppIcon/1x/Spotlight Icon - 120x120.png"; sourceTree = "<group>"; };
		2B356E352102B63E00CCCA5A /* Settings Icon - 58x58.png */ = {isa = PBXFileReference; lastKnownFileType = image.png; name = "Settings Icon - 58x58.png"; path = "../../AppIcon/1x/Settings Icon - 58x58.png"; sourceTree = "<group>"; };
		2B356E362102B63E00CCCA5A /* Spotlight Icon - 40x40.png */ = {isa = PBXFileReference; lastKnownFileType = image.png; name = "Spotlight Icon - 40x40.png"; path = "../../AppIcon/1x/Spotlight Icon - 40x40.png"; sourceTree = "<group>"; };
		2B356E372102B63E00CCCA5A /* App Icon - 180x180.png */ = {isa = PBXFileReference; lastKnownFileType = image.png; name = "App Icon - 180x180.png"; path = "../../AppIcon/1x/App Icon - 180x180.png"; sourceTree = "<group>"; };
		2B356E382102B63E00CCCA5A /* App Icon - 120x120.png */ = {isa = PBXFileReference; lastKnownFileType = image.png; name = "App Icon - 120x120.png"; path = "../../AppIcon/1x/App Icon - 120x120.png"; sourceTree = "<group>"; };
		2B356E392102B63E00CCCA5A /* App Icon Main - 1024x1024.png */ = {isa = PBXFileReference; lastKnownFileType = image.png; name = "App Icon Main - 1024x1024.png"; path = "../../AppIcon/1x/App Icon Main - 1024x1024.png"; sourceTree = "<group>"; };
		2B356E3A2102B63E00CCCA5A /* App Icon - 114x114.png */ = {isa = PBXFileReference; lastKnownFileType = image.png; name = "App Icon - 114x114.png"; path = "../../AppIcon/1x/App Icon - 114x114.png"; sourceTree = "<group>"; };
		2B356E3B2102B63E00CCCA5A /* Notifications and Activity - 01.png */ = {isa = PBXFileReference; lastKnownFileType = image.png; name = "Notifications and Activity - 01.png"; path = "../../AppIcon/1x/Notifications and Activity - 01.png"; sourceTree = "<group>"; };
		2B356E3C2102B63E00CCCA5A /* Settings Icon - 29x29.png */ = {isa = PBXFileReference; lastKnownFileType = image.png; name = "Settings Icon - 29x29.png"; path = "../../AppIcon/1x/Settings Icon - 29x29.png"; sourceTree = "<group>"; };
		2B356E3D2102B63E00CCCA5A /* Spotlight Icon - 29x29.png */ = {isa = PBXFileReference; lastKnownFileType = image.png; name = "Spotlight Icon - 29x29.png"; path = "../../AppIcon/1x/Spotlight Icon - 29x29.png"; sourceTree = "<group>"; };
		2B356E3E2102B63E00CCCA5A /* Settings Icon - 87x87.png */ = {isa = PBXFileReference; lastKnownFileType = image.png; name = "Settings Icon - 87x87.png"; path = "../../AppIcon/1x/Settings Icon - 87x87.png"; sourceTree = "<group>"; };
		2B356E3F2102B63E00CCCA5A /* App Icon - 60x60.png */ = {isa = PBXFileReference; lastKnownFileType = image.png; name = "App Icon - 60x60.png"; path = "../../AppIcon/1x/App Icon - 60x60.png"; sourceTree = "<group>"; };
		2B356E402102B63F00CCCA5A /* Spotlight Icon - 80x80.png */ = {isa = PBXFileReference; lastKnownFileType = image.png; name = "Spotlight Icon - 80x80.png"; path = "../../AppIcon/1x/Spotlight Icon - 80x80.png"; sourceTree = "<group>"; };
		2B356E412102B63F00CCCA5A /* Notifications and Activity - 02.png */ = {isa = PBXFileReference; lastKnownFileType = image.png; name = "Notifications and Activity - 02.png"; path = "../../AppIcon/1x/Notifications and Activity - 02.png"; sourceTree = "<group>"; };
		2B356E422102B63F00CCCA5A /* App Icon - 57x57.png */ = {isa = PBXFileReference; lastKnownFileType = image.png; name = "App Icon - 57x57.png"; path = "../../AppIcon/1x/App Icon - 57x57.png"; sourceTree = "<group>"; };
		2B356E432102B63F00CCCA5A /* Notifications and Activity - 03.png */ = {isa = PBXFileReference; lastKnownFileType = image.png; name = "Notifications and Activity - 03.png"; path = "../../AppIcon/1x/Notifications and Activity - 03.png"; sourceTree = "<group>"; };
		2B356E442102B63F00CCCA5A /* Spotlight Icon - 58x58.png */ = {isa = PBXFileReference; lastKnownFileType = image.png; name = "Spotlight Icon - 58x58.png"; path = "../../AppIcon/1x/Spotlight Icon - 58x58.png"; sourceTree = "<group>"; };
		2B380719211B156500B49E4D /* camera-24.ico */ = {isa = PBXFileReference; lastKnownFileType = image.ico; path = "camera-24.ico"; sourceTree = "<group>"; };
		2B38071B211B79E700B49E4D /* screenshotbutton@3x.png */ = {isa = PBXFileReference; lastKnownFileType = image.png; path = "screenshotbutton@3x.png"; sourceTree = "<group>"; };
		2B38071D211B7A5000B49E4D /* View Broadcast Button@3x.png */ = {isa = PBXFileReference; lastKnownFileType = image.png; path = "View Broadcast Button@3x.png"; sourceTree = "<group>"; };
		2B38071F211B7A8000B49E4D /* Bottom bar no text@3x.png */ = {isa = PBXFileReference; lastKnownFileType = image.png; name = "Bottom bar no text@3x.png"; path = "../../Bottom bar no text@3x.png"; sourceTree = "<group>"; };
		2B380721211B7AB000B49E4D /* Bottom bar no text@3x.png */ = {isa = PBXFileReference; lastKnownFileType = image.png; name = "Bottom bar no text@3x.png"; path = "../../Bottom bar no text@3x.png"; sourceTree = "<group>"; };
		2B380723211B7CBB00B49E4D /* tickphoto.png */ = {isa = PBXFileReference; lastKnownFileType = image.png; path = tickphoto.png; sourceTree = "<group>"; };
		2B380725211B83B600B49E4D /* broadcastover@3x.png */ = {isa = PBXFileReference; lastKnownFileType = image.png; path = "broadcastover@3x.png"; sourceTree = "<group>"; };
		2B380727211B83BA00B49E4D /* photosaved@3x.png */ = {isa = PBXFileReference; lastKnownFileType = image.png; path = "photosaved@3x.png"; sourceTree = "<group>"; };
		2B380729211B853B00B49E4D /* greyedoutover@3x.png */ = {isa = PBXFileReference; lastKnownFileType = image.png; path = "greyedoutover@3x.png"; sourceTree = "<group>"; };
		2B38073D2120D4B200B49E4D /* Path 1.png */ = {isa = PBXFileReference; lastKnownFileType = image.png; path = "Path 1.png"; sourceTree = "<group>"; };
		2B38073E2120D4B300B49E4D /* Rectangle 1.png */ = {isa = PBXFileReference; lastKnownFileType = image.png; path = "Rectangle 1.png"; sourceTree = "<group>"; };
		2B38073F2120D4B400B49E4D /* Bottom bar no text@3x.png */ = {isa = PBXFileReference; lastKnownFileType = image.png; name = "Bottom bar no text@3x.png"; path = "../../Bottom bar no text@3x.png"; sourceTree = "<group>"; };
		2B3807402120D4B400B49E4D /* splashscreen_new@3x.png */ = {isa = PBXFileReference; lastKnownFileType = image.png; name = "splashscreen_new@3x.png"; path = "../../splashscreen_new@3x.png"; sourceTree = "<group>"; };
		2B41232220F8581600F9523A /* liveStream.app */ = {isa = PBXFileReference; explicitFileType = wrapper.application; includeInIndex = 0; path = liveStream.app; sourceTree = BUILT_PRODUCTS_DIR; };
		2B41232520F8581600F9523A /* AppDelegate.swift */ = {isa = PBXFileReference; lastKnownFileType = sourcecode.swift; path = AppDelegate.swift; sourceTree = "<group>"; };
		2B41232720F8581600F9523A /* ViewController.swift */ = {isa = PBXFileReference; lastKnownFileType = sourcecode.swift; path = ViewController.swift; sourceTree = "<group>"; };
		2B41232A20F8581600F9523A /* Base */ = {isa = PBXFileReference; lastKnownFileType = file.storyboard; name = Base; path = Base.lproj/Main.storyboard; sourceTree = "<group>"; };
		2B41232C20F8581800F9523A /* Assets.xcassets */ = {isa = PBXFileReference; lastKnownFileType = folder.assetcatalog; path = Assets.xcassets; sourceTree = "<group>"; };
		2B41232F20F8581800F9523A /* Base */ = {isa = PBXFileReference; lastKnownFileType = file.storyboard; name = Base; path = Base.lproj/LaunchScreen.storyboard; sourceTree = "<group>"; };
		2B41233120F8581800F9523A /* Info.plist */ = {isa = PBXFileReference; lastKnownFileType = text.plist.xml; path = Info.plist; sourceTree = "<group>"; };
		2B41233820F8584E00F9523A /* VideoToolbox.framework */ = {isa = PBXFileReference; lastKnownFileType = wrapper.framework; name = VideoToolbox.framework; path = System/Library/Frameworks/VideoToolbox.framework; sourceTree = SDKROOT; };
		2B41233A20F8585C00F9523A /* UIKit.framework */ = {isa = PBXFileReference; lastKnownFileType = wrapper.framework; name = UIKit.framework; path = System/Library/Frameworks/UIKit.framework; sourceTree = SDKROOT; };
		2B41233C20F8586D00F9523A /* SystemConfiguration.framework */ = {isa = PBXFileReference; lastKnownFileType = wrapper.framework; name = SystemConfiguration.framework; path = System/Library/Frameworks/SystemConfiguration.framework; sourceTree = SDKROOT; };
		2B41233E20F8587B00F9523A /* QuartzCore.framework */ = {isa = PBXFileReference; lastKnownFileType = wrapper.framework; name = QuartzCore.framework; path = System/Library/Frameworks/QuartzCore.framework; sourceTree = SDKROOT; };
		2B41234020F8588600F9523A /* Foundation.framework */ = {isa = PBXFileReference; lastKnownFileType = wrapper.framework; name = Foundation.framework; path = System/Library/Frameworks/Foundation.framework; sourceTree = SDKROOT; };
		2B41234220F8588E00F9523A /* CoreVideo.framework */ = {isa = PBXFileReference; lastKnownFileType = wrapper.framework; name = CoreVideo.framework; path = System/Library/Frameworks/CoreVideo.framework; sourceTree = SDKROOT; };
		2B41234420F8589600F9523A /* CoreMedia.framework */ = {isa = PBXFileReference; lastKnownFileType = wrapper.framework; name = CoreMedia.framework; path = System/Library/Frameworks/CoreMedia.framework; sourceTree = SDKROOT; };
		2B41234620F858A900F9523A /* CoreLocation.framework */ = {isa = PBXFileReference; lastKnownFileType = wrapper.framework; name = CoreLocation.framework; path = System/Library/Frameworks/CoreLocation.framework; sourceTree = SDKROOT; };
		2B41234820F858AF00F9523A /* CoreGraphics.framework */ = {isa = PBXFileReference; lastKnownFileType = wrapper.framework; name = CoreGraphics.framework; path = System/Library/Frameworks/CoreGraphics.framework; sourceTree = SDKROOT; };
		2B41234A20F858B800F9523A /* AVFoundation.framework */ = {isa = PBXFileReference; lastKnownFileType = wrapper.framework; name = AVFoundation.framework; path = System/Library/Frameworks/AVFoundation.framework; sourceTree = SDKROOT; };
		2B41234C20F858C200F9523A /* AudioToolbox.framework */ = {isa = PBXFileReference; lastKnownFileType = wrapper.framework; name = AudioToolbox.framework; path = System/Library/Frameworks/AudioToolbox.framework; sourceTree = SDKROOT; };
		2B41234E20F858CC00F9523A /* libz.tbd */ = {isa = PBXFileReference; lastKnownFileType = "sourcecode.text-based-dylib-definition"; name = libz.tbd; path = usr/lib/libz.tbd; sourceTree = SDKROOT; };
		2B41235020F858D500F9523A /* libc++.tbd */ = {isa = PBXFileReference; lastKnownFileType = "sourcecode.text-based-dylib-definition"; name = "libc++.tbd"; path = "usr/lib/libc++.tbd"; sourceTree = SDKROOT; };
		2B41235220F858FB00F9523A /* prebuilt */ = {isa = PBXFileReference; lastKnownFileType = folder; path = prebuilt; sourceTree = "<group>"; };
		2B41235420F8595400F9523A /* libbambuser.a */ = {isa = PBXFileReference; lastKnownFileType = archive.ar; name = libbambuser.a; path = prebuilt/lib/libbambuser.a; sourceTree = "<group>"; };
		2B41235620F8595D00F9523A /* libbambuserplayer.a */ = {isa = PBXFileReference; lastKnownFileType = archive.ar; path = libbambuserplayer.a; sourceTree = "<group>"; };
		2B41235820F859A600F9523A /* libbambuser-bridge.h */ = {isa = PBXFileReference; lastKnownFileType = sourcecode.c.h; path = "libbambuser-bridge.h"; sourceTree = "<group>"; };
		2B5F92F72118E25A00A78022 /* splashscreen_new@3x.png */ = {isa = PBXFileReference; lastKnownFileType = image.png; path = "splashscreen_new@3x.png"; sourceTree = "<group>"; };
		2BA0CCD52113117B0093C5BC /* qr-code-icon-18-ffffff-25.png */ = {isa = PBXFileReference; lastKnownFileType = image.png; path = "qr-code-icon-18-ffffff-25.png"; sourceTree = "<group>"; };
		2BA0CCDF21131B140093C5BC /* icons8-left-30.png */ = {isa = PBXFileReference; lastKnownFileType = image.png; path = "icons8-left-30.png"; sourceTree = "<group>"; };
		2BA0CCE12113A0C20093C5BC /* Spinner-1s-200px.gif */ = {isa = PBXFileReference; lastKnownFileType = image.gif; path = "Spinner-1s-200px.gif"; sourceTree = "<group>"; };
		2BA0CCE32113A3A10093C5BC /* loading.png */ = {isa = PBXFileReference; lastKnownFileType = image.png; path = loading.png; sourceTree = "<group>"; };
		2BA0CCE52113A4770093C5BC /* loadingt.png */ = {isa = PBXFileReference; lastKnownFileType = image.png; path = loadingt.png; sourceTree = "<group>"; };
		2BA0CCE92113A80B0093C5BC /* topbar.png */ = {isa = PBXFileReference; lastKnownFileType = image.png; path = topbar.png; sourceTree = "<group>"; };
		2BA0CCED211454A50093C5BC /* AdobeStock_162421756_Video_HD_Preview.mov */ = {isa = PBXFileReference; lastKnownFileType = video.quicktime; path = AdobeStock_162421756_Video_HD_Preview.mov; sourceTree = "<group>"; };
		2BA0CCFD211455110093C5BC /* homeViewController.swift */ = {isa = PBXFileReference; lastKnownFileType = sourcecode.swift; path = homeViewController.swift; sourceTree = "<group>"; };
		2BA0CD092114B9C40093C5BC /* greyedout@3x.png */ = {isa = PBXFileReference; lastKnownFileType = image.png; path = "greyedout@3x.png"; sourceTree = "<group>"; };
		2BA0CD0B2114BC230093C5BC /* Dismiss Button@3x.png */ = {isa = PBXFileReference; lastKnownFileType = image.png; path = "Dismiss Button@3x.png"; sourceTree = "<group>"; };
		2BA0CD0C2114BC230093C5BC /* Red Bottom Bar@3x.png */ = {isa = PBXFileReference; lastKnownFileType = image.png; path = "Red Bottom Bar@3x.png"; sourceTree = "<group>"; };
		2BA0CD0D2114BC240093C5BC /* TopBar@3x.png */ = {isa = PBXFileReference; lastKnownFileType = image.png; path = "TopBar@3x.png"; sourceTree = "<group>"; };
		2BA0CD0E2114BC240093C5BC /* Topbar no text@3x.png */ = {isa = PBXFileReference; lastKnownFileType = image.png; path = "Topbar no text@3x.png"; sourceTree = "<group>"; };
		2BA0CD0F2114BC240093C5BC /* Rectangle Button@3x.png */ = {isa = PBXFileReference; lastKnownFileType = image.png; path = "Rectangle Button@3x.png"; sourceTree = "<group>"; };
		2BA0CD102114BC240093C5BC /* Bottom bar no text@3x.png */ = {isa = PBXFileReference; lastKnownFileType = image.png; path = "Bottom bar no text@3x.png"; sourceTree = "<group>"; };
		2BA0CD172114BC4E0093C5BC /* BottomBar@3x.png */ = {isa = PBXFileReference; lastKnownFileType = image.png; path = "BottomBar@3x.png"; sourceTree = "<group>"; };
		2BA0CD192114E1300093C5BC /* WebViewContent.html */ = {isa = PBXFileReference; lastKnownFileType = text.html; path = WebViewContent.html; sourceTree = "<group>"; };
		2BA0CD1B2114E3770093C5BC /* AdobeStock_162421756_Video_HD_Preview.gif */ = {isa = PBXFileReference; lastKnownFileType = image.gif; path = AdobeStock_162421756_Video_HD_Preview.gif; sourceTree = "<group>"; };
		2BA0CD1D2114EF800093C5BC /* appmovie.gif */ = {isa = PBXFileReference; lastKnownFileType = image.gif; path = appmovie.gif; sourceTree = "<group>"; };
		2BA0CD1F2114F4D90093C5BC /* Topbar no text.png */ = {isa = PBXFileReference; lastKnownFileType = image.png; path = "Topbar no text.png"; sourceTree = "<group>"; };
		2BA0CD25211504D50093C5BC /* FirstCustomSegue.swift */ = {isa = PBXFileReference; lastKnownFileType = sourcecode.swift; path = FirstCustomSegue.swift; sourceTree = "<group>"; };
		884A08034EABB69FACD3FCF9 /* Pods-liveStream.debug.xcconfig */ = {isa = PBXFileReference; includeInIndex = 1; lastKnownFileType = text.xcconfig; name = "Pods-liveStream.debug.xcconfig"; path = "Pods/Target Support Files/Pods-liveStream/Pods-liveStream.debug.xcconfig"; sourceTree = "<group>"; };
		C0FC64D7190A544062020AB6 /* Pods-liveStream.release.xcconfig */ = {isa = PBXFileReference; includeInIndex = 1; lastKnownFileType = text.xcconfig; name = "Pods-liveStream.release.xcconfig"; path = "Pods/Target Support Files/Pods-liveStream/Pods-liveStream.release.xcconfig"; sourceTree = "<group>"; };
/* End PBXFileReference section */

/* Begin PBXFrameworksBuildPhase section */
		2B41231F20F8581600F9523A /* Frameworks */ = {
			isa = PBXFrameworksBuildPhase;
			buildActionMask = 2147483647;
			files = (
				2B41235520F8595500F9523A /* libbambuser.a in Frameworks */,
				2B41235120F858D500F9523A /* libc++.tbd in Frameworks */,
				2B41235720F8595D00F9523A /* libbambuserplayer.a in Frameworks */,
				2B41234F20F858CC00F9523A /* libz.tbd in Frameworks */,
				2B41234D20F858C200F9523A /* AudioToolbox.framework in Frameworks */,
				2B41234B20F858B800F9523A /* AVFoundation.framework in Frameworks */,
				2B41234920F858AF00F9523A /* CoreGraphics.framework in Frameworks */,
				2B41234720F858A900F9523A /* CoreLocation.framework in Frameworks */,
				2B41234520F8589600F9523A /* CoreMedia.framework in Frameworks */,
				2B41234320F8588E00F9523A /* CoreVideo.framework in Frameworks */,
				2B41234120F8588600F9523A /* Foundation.framework in Frameworks */,
				2B41233F20F8587B00F9523A /* QuartzCore.framework in Frameworks */,
				2B41233D20F8586D00F9523A /* SystemConfiguration.framework in Frameworks */,
				2B41233B20F8585C00F9523A /* UIKit.framework in Frameworks */,
				2B1E9CC820FFEB68005FCBD0 /* SwiftyJSON.framework in Frameworks */,
				2B41233920F8584E00F9523A /* VideoToolbox.framework in Frameworks */,
				2B1E9CAA20FFDB29005FCBD0 /* Alamofire.framework in Frameworks */,
			);
			runOnlyForDeploymentPostprocessing = 0;
		};
/* End PBXFrameworksBuildPhase section */

/* Begin PBXGroup section */
		2B1BA05C2102991E00CAB819 /* Icons */ = {
			isa = PBXGroup;
			children = (
				2B356E422102B63F00CCCA5A /* App Icon - 57x57.png */,
				2B356E3F2102B63E00CCCA5A /* App Icon - 60x60.png */,
				2B356E3A2102B63E00CCCA5A /* App Icon - 114x114.png */,
				2B356E382102B63E00CCCA5A /* App Icon - 120x120.png */,
				2B356E372102B63E00CCCA5A /* App Icon - 180x180.png */,
				2B356E392102B63E00CCCA5A /* App Icon Main - 1024x1024.png */,
				2B356E3B2102B63E00CCCA5A /* Notifications and Activity - 01.png */,
				2B356E412102B63F00CCCA5A /* Notifications and Activity - 02.png */,
				2B356E432102B63F00CCCA5A /* Notifications and Activity - 03.png */,
				2B356E3C2102B63E00CCCA5A /* Settings Icon - 29x29.png */,
				2B356E352102B63E00CCCA5A /* Settings Icon - 58x58.png */,
				2B356E3E2102B63E00CCCA5A /* Settings Icon - 87x87.png */,
				2B356E3D2102B63E00CCCA5A /* Spotlight Icon - 29x29.png */,
				2B356E362102B63E00CCCA5A /* Spotlight Icon - 40x40.png */,
				2B356E442102B63F00CCCA5A /* Spotlight Icon - 58x58.png */,
				2B356E402102B63F00CCCA5A /* Spotlight Icon - 80x80.png */,
				2B356E342102B63D00CCCA5A /* Spotlight Icon - 120x120.png */,
			);
			path = Icons;
			sourceTree = "<group>";
		};
		2B1E9C4E20FE7612005FCBD0 /* Design */ = {
			isa = PBXGroup;
			children = (
				2B380729211B853B00B49E4D /* greyedoutover@3x.png */,
				2B380727211B83BA00B49E4D /* photosaved@3x.png */,
				2B38073F2120D4B400B49E4D /* Bottom bar no text@3x.png */,
				2B38073D2120D4B200B49E4D /* Path 1.png */,
				2B38073E2120D4B300B49E4D /* Rectangle 1.png */,
				2B3807402120D4B400B49E4D /* splashscreen_new@3x.png */,
				2B380725211B83B600B49E4D /* broadcastover@3x.png */,
				2B380723211B7CBB00B49E4D /* tickphoto.png */,
				2B38071F211B7A8000B49E4D /* Bottom bar no text@3x.png */,
				2B38071D211B7A5000B49E4D /* View Broadcast Button@3x.png */,
				2B38071B211B79E700B49E4D /* screenshotbutton@3x.png */,
				2B380719211B156500B49E4D /* camera-24.ico */,
				2B5F92F72118E25A00A78022 /* splashscreen_new@3x.png */,
				2BA0CD1F2114F4D90093C5BC /* Topbar no text.png */,
				2BA0CD1D2114EF800093C5BC /* appmovie.gif */,
				2BA0CD1B2114E3770093C5BC /* AdobeStock_162421756_Video_HD_Preview.gif */,
				2BA0CD172114BC4E0093C5BC /* BottomBar@3x.png */,
				2BA0CD102114BC240093C5BC /* Bottom bar no text@3x.png */,
				2BA0CD0B2114BC230093C5BC /* Dismiss Button@3x.png */,
				2BA0CD0F2114BC240093C5BC /* Rectangle Button@3x.png */,
				2BA0CD0C2114BC230093C5BC /* Red Bottom Bar@3x.png */,
				2BA0CD0E2114BC240093C5BC /* Topbar no text@3x.png */,
				2BA0CD0D2114BC240093C5BC /* TopBar@3x.png */,
				2BA0CD092114B9C40093C5BC /* greyedout@3x.png */,
				2BA0CCED211454A50093C5BC /* AdobeStock_162421756_Video_HD_Preview.mov */,
				2B380721211B7AB000B49E4D /* Bottom bar no text@3x.png */,
				2BA0CCE92113A80B0093C5BC /* topbar.png */,
				2BA0CCE52113A4770093C5BC /* loadingt.png */,
				2BA0CCE32113A3A10093C5BC /* loading.png */,
				2BA0CCE12113A0C20093C5BC /* Spinner-1s-200px.gif */,
				2BA0CCDF21131B140093C5BC /* icons8-left-30.png */,
				2BA0CCD52113117B0093C5BC /* qr-code-icon-18-ffffff-25.png */,
				2B356E0D2102B10700CCCA5A /* Path 1.png */,
				2B356E0E2102B10800CCCA5A /* Rectangle 1.png */,
			);
			path = Design;
			sourceTree = "<group>";
		};
		2B1E9C9220FFDB17005FCBD0 /* Products */ = {
			isa = PBXGroup;
			children = (
				2B1E9C9D20FFDB17005FCBD0 /* Alamofire.framework */,
				2B1E9C9F20FFDB17005FCBD0 /* Alamofire iOS Tests.xctest */,
				2B1E9CA120FFDB17005FCBD0 /* Alamofire.framework */,
				2B1E9CA320FFDB17005FCBD0 /* Alamofire macOS Tests.xctest */,
				2B1E9CA520FFDB17005FCBD0 /* Alamofire.framework */,
				2B1E9CA720FFDB17005FCBD0 /* Alamofire tvOS Tests.xctest */,
				2B1E9CA920FFDB17005FCBD0 /* Alamofire.framework */,
			);
			name = Products;
			sourceTree = "<group>";
		};
		2B1E9CB020FFEB3E005FCBD0 /* Products */ = {
			isa = PBXGroup;
			children = (
				2B1E9CBB20FFEB3E005FCBD0 /* SwiftyJSON.framework */,
				2B1E9CBD20FFEB3E005FCBD0 /* SwiftyJSON iOS Tests.xctest */,
				2B1E9CBF20FFEB3E005FCBD0 /* SwiftyJSON.framework */,
				2B1E9CC120FFEB3E005FCBD0 /* SwiftyJSON macOS Tests.xctest */,
				2B1E9CC320FFEB3E005FCBD0 /* SwiftyJSON.framework */,
				2B1E9CC520FFEB3E005FCBD0 /* SwiftyJSON.framework */,
				2B1E9CC720FFEB3E005FCBD0 /* SwiftyJSON tvOS Tests.xctest */,
			);
			name = Products;
			sourceTree = "<group>";
		};
		2B41231920F8581600F9523A = {
			isa = PBXGroup;
			children = (
				2B1BA05C2102991E00CAB819 /* Icons */,
				2B1E9CAF20FFEB3E005FCBD0 /* SwiftyJSON.xcodeproj */,
				2B1E9C9120FFDB17005FCBD0 /* Alamofire.xcodeproj */,
				2B1E9C4E20FE7612005FCBD0 /* Design */,
				2B41232420F8581600F9523A /* liveStream */,
				2B41232320F8581600F9523A /* Products */,
				2B41233720F8584E00F9523A /* Frameworks */,
				A47C69FD1ECFBCE066C94D41 /* Pods */,
			);
			sourceTree = "<group>";
		};
		2B41232320F8581600F9523A /* Products */ = {
			isa = PBXGroup;
			children = (
				2B41232220F8581600F9523A /* liveStream.app */,
			);
			name = Products;
			sourceTree = "<group>";
		};
		2B41232420F8581600F9523A /* liveStream */ = {
			isa = PBXGroup;
			children = (
				2B1E9C4D20FE6D67005FCBD0 /* libbambuserplayer-bridge.h */,
				2B1E9C4520FE673A005FCBD0 /* BambuserConstants.h */,
				2B1E9C4420FE673A005FCBD0 /* BambuserViewDelegate.h */,
				2B1E9C4220FE6709005FCBD0 /* libbambuser.h */,
				2B1E9C4620FE673A005FCBD0 /* libbambuser.h */,
				2B1E9C4320FE6739005FCBD0 /* libbambuserplayer-constants.h */,
				2B1E9C4720FE673A005FCBD0 /* libbambuserplayer.h */,
				2B41235820F859A600F9523A /* libbambuser-bridge.h */,
				2B41232520F8581600F9523A /* AppDelegate.swift */,
				2B41232E20F8581800F9523A /* LaunchScreen.storyboard */,
				2B41233120F8581800F9523A /* Info.plist */,
				2B41232C20F8581800F9523A /* Assets.xcassets */,
				2B41232920F8581600F9523A /* Main.storyboard */,
				2B41232720F8581600F9523A /* ViewController.swift */,
				2B1E9D1821025218005FCBD0 /* ScannerViewController.swift */,
				2B1E9C4820FE6A8C005FCBD0 /* LoadViewController.swift */,
				2BA0CCFD211455110093C5BC /* homeViewController.swift */,
				2BA0CD192114E1300093C5BC /* WebViewContent.html */,
				2BA0CD25211504D50093C5BC /* FirstCustomSegue.swift */,
			);
			path = liveStream;
			sourceTree = "<group>";
		};
		2B41233720F8584E00F9523A /* Frameworks */ = {
			isa = PBXGroup;
			children = (
				2B41235420F8595400F9523A /* libbambuser.a */,
				2B41235620F8595D00F9523A /* libbambuserplayer.a */,
				2B41235220F858FB00F9523A /* prebuilt */,
				2B41235020F858D500F9523A /* libc++.tbd */,
				2B41234E20F858CC00F9523A /* libz.tbd */,
				2B41234C20F858C200F9523A /* AudioToolbox.framework */,
				2B41234A20F858B800F9523A /* AVFoundation.framework */,
				2B41234820F858AF00F9523A /* CoreGraphics.framework */,
				2B41234620F858A900F9523A /* CoreLocation.framework */,
				2B41234420F8589600F9523A /* CoreMedia.framework */,
				2B41234220F8588E00F9523A /* CoreVideo.framework */,
				2B41234020F8588600F9523A /* Foundation.framework */,
				2B41233E20F8587B00F9523A /* QuartzCore.framework */,
				2B41233C20F8586D00F9523A /* SystemConfiguration.framework */,
				2B41233A20F8585C00F9523A /* UIKit.framework */,
				2B41233820F8584E00F9523A /* VideoToolbox.framework */,
			);
			name = Frameworks;
			sourceTree = "<group>";
		};
		A47C69FD1ECFBCE066C94D41 /* Pods */ = {
			isa = PBXGroup;
			children = (
				884A08034EABB69FACD3FCF9 /* Pods-liveStream.debug.xcconfig */,
				C0FC64D7190A544062020AB6 /* Pods-liveStream.release.xcconfig */,
			);
			name = Pods;
			sourceTree = "<group>";
		};
/* End PBXGroup section */

/* Begin PBXNativeTarget section */
		2B41232120F8581600F9523A /* liveStream */ = {
			isa = PBXNativeTarget;
			buildConfigurationList = 2B41233420F8581800F9523A /* Build configuration list for PBXNativeTarget "liveStream" */;
			buildPhases = (
				3A7C19D2AC308D73B6CAA976 /* [CP] Check Pods Manifest.lock */,
				2B41231E20F8581600F9523A /* Sources */,
				2B41231F20F8581600F9523A /* Frameworks */,
				2B41232020F8581600F9523A /* Resources */,
				2B1E9CAE20FFDB29005FCBD0 /* Embed Frameworks */,
			);
			buildRules = (
			);
			dependencies = (
				2B1E9CAD20FFDB29005FCBD0 /* PBXTargetDependency */,
				2B1E9CCB20FFEB68005FCBD0 /* PBXTargetDependency */,
			);
			name = liveStream;
			productName = liveStream;
			productReference = 2B41232220F8581600F9523A /* liveStream.app */;
			productType = "com.apple.product-type.application";
		};
/* End PBXNativeTarget section */

/* Begin PBXProject section */
		2B41231A20F8581600F9523A /* Project object */ = {
			isa = PBXProject;
			attributes = {
				LastSwiftUpdateCheck = 0940;
				LastUpgradeCheck = 0940;
				ORGANIZATIONNAME = "Ben McKillop";
				TargetAttributes = {
					2B41232120F8581600F9523A = {
						CreatedOnToolsVersion = 9.4.1;
					};
				};
			};
			buildConfigurationList = 2B41231D20F8581600F9523A /* Build configuration list for PBXProject "liveStream" */;
			compatibilityVersion = "Xcode 9.3";
			developmentRegion = en;
			hasScannedForEncodings = 0;
			knownRegions = (
				en,
				Base,
			);
			mainGroup = 2B41231920F8581600F9523A;
			productRefGroup = 2B41232320F8581600F9523A /* Products */;
			projectDirPath = "";
			projectReferences = (
				{
					ProductGroup = 2B1E9C9220FFDB17005FCBD0 /* Products */;
					ProjectRef = 2B1E9C9120FFDB17005FCBD0 /* Alamofire.xcodeproj */;
				},
				{
					ProductGroup = 2B1E9CB020FFEB3E005FCBD0 /* Products */;
					ProjectRef = 2B1E9CAF20FFEB3E005FCBD0 /* SwiftyJSON.xcodeproj */;
				},
			);
			projectRoot = "";
			targets = (
				2B41232120F8581600F9523A /* liveStream */,
			);
		};
/* End PBXProject section */

/* Begin PBXReferenceProxy section */
		2B1E9C9D20FFDB17005FCBD0 /* Alamofire.framework */ = {
			isa = PBXReferenceProxy;
			fileType = wrapper.framework;
			path = Alamofire.framework;
			remoteRef = 2B1E9C9C20FFDB17005FCBD0 /* PBXContainerItemProxy */;
			sourceTree = BUILT_PRODUCTS_DIR;
		};
		2B1E9C9F20FFDB17005FCBD0 /* Alamofire iOS Tests.xctest */ = {
			isa = PBXReferenceProxy;
			fileType = wrapper.cfbundle;
			path = "Alamofire iOS Tests.xctest";
			remoteRef = 2B1E9C9E20FFDB17005FCBD0 /* PBXContainerItemProxy */;
			sourceTree = BUILT_PRODUCTS_DIR;
		};
		2B1E9CA120FFDB17005FCBD0 /* Alamofire.framework */ = {
			isa = PBXReferenceProxy;
			fileType = wrapper.framework;
			path = Alamofire.framework;
			remoteRef = 2B1E9CA020FFDB17005FCBD0 /* PBXContainerItemProxy */;
			sourceTree = BUILT_PRODUCTS_DIR;
		};
		2B1E9CA320FFDB17005FCBD0 /* Alamofire macOS Tests.xctest */ = {
			isa = PBXReferenceProxy;
			fileType = wrapper.cfbundle;
			path = "Alamofire macOS Tests.xctest";
			remoteRef = 2B1E9CA220FFDB17005FCBD0 /* PBXContainerItemProxy */;
			sourceTree = BUILT_PRODUCTS_DIR;
		};
		2B1E9CA520FFDB17005FCBD0 /* Alamofire.framework */ = {
			isa = PBXReferenceProxy;
			fileType = wrapper.framework;
			path = Alamofire.framework;
			remoteRef = 2B1E9CA420FFDB17005FCBD0 /* PBXContainerItemProxy */;
			sourceTree = BUILT_PRODUCTS_DIR;
		};
		2B1E9CA720FFDB17005FCBD0 /* Alamofire tvOS Tests.xctest */ = {
			isa = PBXReferenceProxy;
			fileType = wrapper.cfbundle;
			path = "Alamofire tvOS Tests.xctest";
			remoteRef = 2B1E9CA620FFDB17005FCBD0 /* PBXContainerItemProxy */;
			sourceTree = BUILT_PRODUCTS_DIR;
		};
		2B1E9CA920FFDB17005FCBD0 /* Alamofire.framework */ = {
			isa = PBXReferenceProxy;
			fileType = wrapper.framework;
			path = Alamofire.framework;
			remoteRef = 2B1E9CA820FFDB17005FCBD0 /* PBXContainerItemProxy */;
			sourceTree = BUILT_PRODUCTS_DIR;
		};
		2B1E9CBB20FFEB3E005FCBD0 /* SwiftyJSON.framework */ = {
			isa = PBXReferenceProxy;
			fileType = wrapper.framework;
			path = SwiftyJSON.framework;
			remoteRef = 2B1E9CBA20FFEB3E005FCBD0 /* PBXContainerItemProxy */;
			sourceTree = BUILT_PRODUCTS_DIR;
		};
		2B1E9CBD20FFEB3E005FCBD0 /* SwiftyJSON iOS Tests.xctest */ = {
			isa = PBXReferenceProxy;
			fileType = wrapper.cfbundle;
			path = "SwiftyJSON iOS Tests.xctest";
			remoteRef = 2B1E9CBC20FFEB3E005FCBD0 /* PBXContainerItemProxy */;
			sourceTree = BUILT_PRODUCTS_DIR;
		};
		2B1E9CBF20FFEB3E005FCBD0 /* SwiftyJSON.framework */ = {
			isa = PBXReferenceProxy;
			fileType = wrapper.framework;
			path = SwiftyJSON.framework;
			remoteRef = 2B1E9CBE20FFEB3E005FCBD0 /* PBXContainerItemProxy */;
			sourceTree = BUILT_PRODUCTS_DIR;
		};
		2B1E9CC120FFEB3E005FCBD0 /* SwiftyJSON macOS Tests.xctest */ = {
			isa = PBXReferenceProxy;
			fileType = wrapper.cfbundle;
			path = "SwiftyJSON macOS Tests.xctest";
			remoteRef = 2B1E9CC020FFEB3E005FCBD0 /* PBXContainerItemProxy */;
			sourceTree = BUILT_PRODUCTS_DIR;
		};
		2B1E9CC320FFEB3E005FCBD0 /* SwiftyJSON.framework */ = {
			isa = PBXReferenceProxy;
			fileType = wrapper.framework;
			path = SwiftyJSON.framework;
			remoteRef = 2B1E9CC220FFEB3E005FCBD0 /* PBXContainerItemProxy */;
			sourceTree = BUILT_PRODUCTS_DIR;
		};
		2B1E9CC520FFEB3E005FCBD0 /* SwiftyJSON.framework */ = {
			isa = PBXReferenceProxy;
			fileType = wrapper.framework;
			path = SwiftyJSON.framework;
			remoteRef = 2B1E9CC420FFEB3E005FCBD0 /* PBXContainerItemProxy */;
			sourceTree = BUILT_PRODUCTS_DIR;
		};
		2B1E9CC720FFEB3E005FCBD0 /* SwiftyJSON tvOS Tests.xctest */ = {
			isa = PBXReferenceProxy;
			fileType = wrapper.cfbundle;
			path = "SwiftyJSON tvOS Tests.xctest";
			remoteRef = 2B1E9CC620FFEB3E005FCBD0 /* PBXContainerItemProxy */;
			sourceTree = BUILT_PRODUCTS_DIR;
		};
/* End PBXReferenceProxy section */

/* Begin PBXResourcesBuildPhase section */
		2B41232020F8581600F9523A /* Resources */ = {
			isa = PBXResourcesBuildPhase;
			buildActionMask = 2147483647;
			files = (
				2B356E542102B63F00CCCA5A /* Notifications and Activity - 03.png in Resources */,
				2BA0CCD62113117B0093C5BC /* qr-code-icon-18-ffffff-25.png in Resources */,
				2B356E102102B10800CCCA5A /* Path 1.png in Resources */,
				2B380722211B7AB100B49E4D /* Bottom bar no text@3x.png in Resources */,
				2BA0CCE22113A0C20093C5BC /* Spinner-1s-200px.gif in Resources */,
				2BA0CD112114BC240093C5BC /* Dismiss Button@3x.png in Resources */,
				2B38071C211B79E800B49E4D /* screenshotbutton@3x.png in Resources */,
				2B356E4B2102B63F00CCCA5A /* App Icon - 114x114.png in Resources */,
				2BA0CD162114BC240093C5BC /* Bottom bar no text@3x.png in Resources */,
				2B380724211B7CBC00B49E4D /* tickphoto.png in Resources */,
				2B356E512102B63F00CCCA5A /* Spotlight Icon - 80x80.png in Resources */,
				2B3807432120D4B500B49E4D /* Bottom bar no text@3x.png in Resources */,
				2B356E4D2102B63F00CCCA5A /* Settings Icon - 29x29.png in Resources */,
				2B356E4A2102B63F00CCCA5A /* App Icon Main - 1024x1024.png in Resources */,
				2BA0CD202114F4D90093C5BC /* Topbar no text.png in Resources */,
				2B380726211B83B700B49E4D /* broadcastover@3x.png in Resources */,
				2B356E4F2102B63F00CCCA5A /* Settings Icon - 87x87.png in Resources */,
				2B356E4C2102B63F00CCCA5A /* Notifications and Activity - 01.png in Resources */,
				2B41233020F8581800F9523A /* LaunchScreen.storyboard in Resources */,
				2B5F93062118E25A00A78022 /* splashscreen_new@3x.png in Resources */,
				2B356E462102B63F00CCCA5A /* Settings Icon - 58x58.png in Resources */,
				2B380728211B83BB00B49E4D /* photosaved@3x.png in Resources */,
				2B3807412120D4B500B49E4D /* Path 1.png in Resources */,
				2BA0CD1E2114EF810093C5BC /* appmovie.gif in Resources */,
				2B41232D20F8581800F9523A /* Assets.xcassets in Resources */,
				2B380720211B7A8100B49E4D /* Bottom bar no text@3x.png in Resources */,
				2BA0CD182114BC4F0093C5BC /* BottomBar@3x.png in Resources */,
				2B356E522102B63F00CCCA5A /* Notifications and Activity - 02.png in Resources */,
				2B356E452102B63F00CCCA5A /* Spotlight Icon - 120x120.png in Resources */,
				2BA0CCE021131B140093C5BC /* icons8-left-30.png in Resources */,
				2BA0CCEA2113A80B0093C5BC /* topbar.png in Resources */,
				2BA0CD122114BC240093C5BC /* Red Bottom Bar@3x.png in Resources */,
				2B356E472102B63F00CCCA5A /* Spotlight Icon - 40x40.png in Resources */,
				2B41232B20F8581600F9523A /* Main.storyboard in Resources */,
				2B356E502102B63F00CCCA5A /* App Icon - 60x60.png in Resources */,
				2B41235320F858FB00F9523A /* prebuilt in Resources */,
				2BA0CCE42113A3A20093C5BC /* loading.png in Resources */,
				2B38071E211B7A5000B49E4D /* View Broadcast Button@3x.png in Resources */,
				2BA0CD1A2114E1300093C5BC /* WebViewContent.html in Resources */,
				2B356E532102B63F00CCCA5A /* App Icon - 57x57.png in Resources */,
				2B356E552102B63F00CCCA5A /* Spotlight Icon - 58x58.png in Resources */,
				2B3807442120D4B500B49E4D /* splashscreen_new@3x.png in Resources */,
				2B356E112102B10800CCCA5A /* Rectangle 1.png in Resources */,
				2BA0CCFC211454A50093C5BC /* AdobeStock_162421756_Video_HD_Preview.mov in Resources */,
				2B356E4E2102B63F00CCCA5A /* Spotlight Icon - 29x29.png in Resources */,
				2BA0CD132114BC240093C5BC /* TopBar@3x.png in Resources */,
				2BA0CD152114BC240093C5BC /* Rectangle Button@3x.png in Resources */,
				2B38072A211B853C00B49E4D /* greyedoutover@3x.png in Resources */,
				2BA0CD142114BC240093C5BC /* Topbar no text@3x.png in Resources */,
				2BA0CD1C2114E3780093C5BC /* AdobeStock_162421756_Video_HD_Preview.gif in Resources */,
				2B3807422120D4B500B49E4D /* Rectangle 1.png in Resources */,
				2B356E492102B63F00CCCA5A /* App Icon - 120x120.png in Resources */,
				2B38071A211B156500B49E4D /* camera-24.ico in Resources */,
				2BA0CD0A2114B9C40093C5BC /* greyedout@3x.png in Resources */,
				2BA0CCE62113A4770093C5BC /* loadingt.png in Resources */,
				2B356E482102B63F00CCCA5A /* App Icon - 180x180.png in Resources */,
			);
			runOnlyForDeploymentPostprocessing = 0;
		};
/* End PBXResourcesBuildPhase section */

/* Begin PBXShellScriptBuildPhase section */
		3A7C19D2AC308D73B6CAA976 /* [CP] Check Pods Manifest.lock */ = {
			isa = PBXShellScriptBuildPhase;
			buildActionMask = 2147483647;
			files = (
			);
			inputPaths = (
				"${PODS_PODFILE_DIR_PATH}/Podfile.lock",
				"${PODS_ROOT}/Manifest.lock",
			);
			name = "[CP] Check Pods Manifest.lock";
			outputPaths = (
				"$(DERIVED_FILE_DIR)/Pods-liveStream-checkManifestLockResult.txt",
			);
			runOnlyForDeploymentPostprocessing = 0;
			shellPath = /bin/sh;
			shellScript = "diff \"${PODS_PODFILE_DIR_PATH}/Podfile.lock\" \"${PODS_ROOT}/Manifest.lock\" > /dev/null\nif [ $? != 0 ] ; then\n    # print error to STDERR\n    echo \"error: The sandbox is not in sync with the Podfile.lock. Run 'pod install' or update your CocoaPods installation.\" >&2\n    exit 1\nfi\n# This output is used by Xcode 'outputs' to avoid re-running this script phase.\necho \"SUCCESS\" > \"${SCRIPT_OUTPUT_FILE_0}\"\n";
			showEnvVarsInLog = 0;
		};
/* End PBXShellScriptBuildPhase section */

/* Begin PBXSourcesBuildPhase section */
		2B41231E20F8581600F9523A /* Sources */ = {
			isa = PBXSourcesBuildPhase;
			buildActionMask = 2147483647;
			files = (
				2B41232820F8581600F9523A /* ViewController.swift in Sources */,
				2BA0CD26211504D50093C5BC /* FirstCustomSegue.swift in Sources */,
				2B41232620F8581600F9523A /* AppDelegate.swift in Sources */,
				2B1E9C4920FE6A8C005FCBD0 /* LoadViewController.swift in Sources */,
				2BA0CCFE211455110093C5BC /* homeViewController.swift in Sources */,
				2B1E9D1921025218005FCBD0 /* ScannerViewController.swift in Sources */,
			);
			runOnlyForDeploymentPostprocessing = 0;
		};
/* End PBXSourcesBuildPhase section */

/* Begin PBXTargetDependency section */
		2B1E9CAD20FFDB29005FCBD0 /* PBXTargetDependency */ = {
			isa = PBXTargetDependency;
			name = "Alamofire iOS";
			targetProxy = 2B1E9CAC20FFDB29005FCBD0 /* PBXContainerItemProxy */;
		};
		2B1E9CCB20FFEB68005FCBD0 /* PBXTargetDependency */ = {
			isa = PBXTargetDependency;
			name = "SwiftyJSON iOS";
			targetProxy = 2B1E9CCA20FFEB68005FCBD0 /* PBXContainerItemProxy */;
		};
/* End PBXTargetDependency section */

/* Begin PBXVariantGroup section */
		2B41232920F8581600F9523A /* Main.storyboard */ = {
			isa = PBXVariantGroup;
			children = (
				2B41232A20F8581600F9523A /* Base */,
			);
			name = Main.storyboard;
			sourceTree = "<group>";
		};
		2B41232E20F8581800F9523A /* LaunchScreen.storyboard */ = {
			isa = PBXVariantGroup;
			children = (
				2B41232F20F8581800F9523A /* Base */,
			);
			name = LaunchScreen.storyboard;
			sourceTree = "<group>";
		};
/* End PBXVariantGroup section */

/* Begin XCBuildConfiguration section */
		2B41233220F8581800F9523A /* Debug */ = {
			isa = XCBuildConfiguration;
			buildSettings = {
				ALWAYS_SEARCH_USER_PATHS = NO;
				CLANG_ANALYZER_NONNULL = YES;
				CLANG_ANALYZER_NUMBER_OBJECT_CONVERSION = YES_AGGRESSIVE;
				CLANG_CXX_LANGUAGE_STANDARD = "gnu++14";
				CLANG_CXX_LIBRARY = "libc++";
				CLANG_ENABLE_MODULES = YES;
				CLANG_ENABLE_OBJC_ARC = YES;
				CLANG_ENABLE_OBJC_WEAK = YES;
				CLANG_WARN_BLOCK_CAPTURE_AUTORELEASING = YES;
				CLANG_WARN_BOOL_CONVERSION = YES;
				CLANG_WARN_COMMA = YES;
				CLANG_WARN_CONSTANT_CONVERSION = YES;
				CLANG_WARN_DEPRECATED_OBJC_IMPLEMENTATIONS = YES;
				CLANG_WARN_DIRECT_OBJC_ISA_USAGE = YES_ERROR;
				CLANG_WARN_DOCUMENTATION_COMMENTS = YES;
				CLANG_WARN_EMPTY_BODY = YES;
				CLANG_WARN_ENUM_CONVERSION = YES;
				CLANG_WARN_INFINITE_RECURSION = YES;
				CLANG_WARN_INT_CONVERSION = YES;
				CLANG_WARN_NON_LITERAL_NULL_CONVERSION = YES;
				CLANG_WARN_OBJC_IMPLICIT_RETAIN_SELF = YES;
				CLANG_WARN_OBJC_LITERAL_CONVERSION = YES;
				CLANG_WARN_OBJC_ROOT_CLASS = YES_ERROR;
				CLANG_WARN_RANGE_LOOP_ANALYSIS = YES;
				CLANG_WARN_STRICT_PROTOTYPES = YES;
				CLANG_WARN_SUSPICIOUS_MOVE = YES;
				CLANG_WARN_UNGUARDED_AVAILABILITY = YES_AGGRESSIVE;
				CLANG_WARN_UNREACHABLE_CODE = YES;
				CLANG_WARN__DUPLICATE_METHOD_MATCH = YES;
				CODE_SIGN_IDENTITY = "iPhone Developer";
				COPY_PHASE_STRIP = NO;
				DEBUG_INFORMATION_FORMAT = dwarf;
				ENABLE_STRICT_OBJC_MSGSEND = YES;
				ENABLE_TESTABILITY = YES;
				GCC_C_LANGUAGE_STANDARD = gnu11;
				GCC_DYNAMIC_NO_PIC = NO;
				GCC_NO_COMMON_BLOCKS = YES;
				GCC_OPTIMIZATION_LEVEL = 0;
				GCC_PREPROCESSOR_DEFINITIONS = (
					"DEBUG=1",
					"$(inherited)",
				);
				GCC_WARN_64_TO_32_BIT_CONVERSION = YES;
				GCC_WARN_ABOUT_RETURN_TYPE = YES_ERROR;
				GCC_WARN_UNDECLARED_SELECTOR = YES;
				GCC_WARN_UNINITIALIZED_AUTOS = YES_AGGRESSIVE;
				GCC_WARN_UNUSED_FUNCTION = YES;
				GCC_WARN_UNUSED_VARIABLE = YES;
				IPHONEOS_DEPLOYMENT_TARGET = 11.4;
				MTL_ENABLE_DEBUG_INFO = YES;
				ONLY_ACTIVE_ARCH = YES;
				SDKROOT = iphoneos;
				SWIFT_ACTIVE_COMPILATION_CONDITIONS = DEBUG;
				SWIFT_OPTIMIZATION_LEVEL = "-Onone";
			};
			name = Debug;
		};
		2B41233320F8581800F9523A /* Release */ = {
			isa = XCBuildConfiguration;
			buildSettings = {
				ALWAYS_SEARCH_USER_PATHS = NO;
				CLANG_ANALYZER_NONNULL = YES;
				CLANG_ANALYZER_NUMBER_OBJECT_CONVERSION = YES_AGGRESSIVE;
				CLANG_CXX_LANGUAGE_STANDARD = "gnu++14";
				CLANG_CXX_LIBRARY = "libc++";
				CLANG_ENABLE_MODULES = YES;
				CLANG_ENABLE_OBJC_ARC = YES;
				CLANG_ENABLE_OBJC_WEAK = YES;
				CLANG_WARN_BLOCK_CAPTURE_AUTORELEASING = YES;
				CLANG_WARN_BOOL_CONVERSION = YES;
				CLANG_WARN_COMMA = YES;
				CLANG_WARN_CONSTANT_CONVERSION = YES;
				CLANG_WARN_DEPRECATED_OBJC_IMPLEMENTATIONS = YES;
				CLANG_WARN_DIRECT_OBJC_ISA_USAGE = YES_ERROR;
				CLANG_WARN_DOCUMENTATION_COMMENTS = YES;
				CLANG_WARN_EMPTY_BODY = YES;
				CLANG_WARN_ENUM_CONVERSION = YES;
				CLANG_WARN_INFINITE_RECURSION = YES;
				CLANG_WARN_INT_CONVERSION = YES;
				CLANG_WARN_NON_LITERAL_NULL_CONVERSION = YES;
				CLANG_WARN_OBJC_IMPLICIT_RETAIN_SELF = YES;
				CLANG_WARN_OBJC_LITERAL_CONVERSION = YES;
				CLANG_WARN_OBJC_ROOT_CLASS = YES_ERROR;
				CLANG_WARN_RANGE_LOOP_ANALYSIS = YES;
				CLANG_WARN_STRICT_PROTOTYPES = YES;
				CLANG_WARN_SUSPICIOUS_MOVE = YES;
				CLANG_WARN_UNGUARDED_AVAILABILITY = YES_AGGRESSIVE;
				CLANG_WARN_UNREACHABLE_CODE = YES;
				CLANG_WARN__DUPLICATE_METHOD_MATCH = YES;
				CODE_SIGN_IDENTITY = "iPhone Developer";
				COPY_PHASE_STRIP = NO;
				DEBUG_INFORMATION_FORMAT = "dwarf-with-dsym";
				ENABLE_NS_ASSERTIONS = NO;
				ENABLE_STRICT_OBJC_MSGSEND = YES;
				GCC_C_LANGUAGE_STANDARD = gnu11;
				GCC_NO_COMMON_BLOCKS = YES;
				GCC_WARN_64_TO_32_BIT_CONVERSION = YES;
				GCC_WARN_ABOUT_RETURN_TYPE = YES_ERROR;
				GCC_WARN_UNDECLARED_SELECTOR = YES;
				GCC_WARN_UNINITIALIZED_AUTOS = YES_AGGRESSIVE;
				GCC_WARN_UNUSED_FUNCTION = YES;
				GCC_WARN_UNUSED_VARIABLE = YES;
				IPHONEOS_DEPLOYMENT_TARGET = 11.4;
				MTL_ENABLE_DEBUG_INFO = NO;
				SDKROOT = iphoneos;
				SWIFT_COMPILATION_MODE = wholemodule;
				SWIFT_OPTIMIZATION_LEVEL = "-O";
				VALIDATE_PRODUCT = YES;
			};
			name = Release;
		};
		2B41233520F8581800F9523A /* Debug */ = {
			isa = XCBuildConfiguration;
			baseConfigurationReference = 884A08034EABB69FACD3FCF9 /* Pods-liveStream.debug.xcconfig */;
			buildSettings = {
				ALWAYS_EMBED_SWIFT_STANDARD_LIBRARIES = YES;
				ASSETCATALOG_COMPILER_APPICON_NAME = AppIcon;
				CODE_SIGN_STYLE = Automatic;
				DEVELOPMENT_TEAM = 53NPQPNVZN;
				INFOPLIST_FILE = liveStream/Info.plist;
				IPHONEOS_DEPLOYMENT_TARGET = 11.0;
				LD_RUNPATH_SEARCH_PATHS = (
					"$(inherited)",
					"@executable_path/Frameworks",
				);
				LIBRARY_SEARCH_PATHS = (
					"$(inherited)",
					"$(PROJECT_DIR)/prebuilt/lib",
					"$(PROJECT_DIR)",
				);
				PRODUCT_BUNDLE_IDENTIFIER = com.benmckillop.liveStreamTest;
				PRODUCT_NAME = "$(TARGET_NAME)";
				SWIFT_OBJC_BRIDGING_HEADER = "/Users/benmckillop/Desktop/liveStream/liveStream/libbambuser-bridge.h";
				SWIFT_VERSION = 4.0;
				TARGETED_DEVICE_FAMILY = 1;
			};
			name = Debug;
		};
		2B41233620F8581800F9523A /* Release */ = {
			isa = XCBuildConfiguration;
			baseConfigurationReference = C0FC64D7190A544062020AB6 /* Pods-liveStream.release.xcconfig */;
			buildSettings = {
				ALWAYS_EMBED_SWIFT_STANDARD_LIBRARIES = YES;
				ASSETCATALOG_COMPILER_APPICON_NAME = AppIcon;
				CODE_SIGN_STYLE = Automatic;
				DEVELOPMENT_TEAM = 53NPQPNVZN;
				INFOPLIST_FILE = liveStream/Info.plist;
				IPHONEOS_DEPLOYMENT_TARGET = 11.0;
				LD_RUNPATH_SEARCH_PATHS = (
					"$(inherited)",
					"@executable_path/Frameworks",
				);
				LIBRARY_SEARCH_PATHS = (
					"$(inherited)",
					"$(PROJECT_DIR)/prebuilt/lib",
					"$(PROJECT_DIR)",
				);
				PRODUCT_BUNDLE_IDENTIFIER = com.benmckillop.liveStreamTest;
				PRODUCT_NAME = "$(TARGET_NAME)";
				SWIFT_OBJC_BRIDGING_HEADER = "/Users/benmckillop/Desktop/liveStream/liveStream/libbambuser-bridge.h";
				SWIFT_VERSION = 4.0;
				TARGETED_DEVICE_FAMILY = 1;
			};
			name = Release;
		};
/* End XCBuildConfiguration section */

/* Begin XCConfigurationList section */
		2B41231D20F8581600F9523A /* Build configuration list for PBXProject "liveStream" */ = {
			isa = XCConfigurationList;
			buildConfigurations = (
				2B41233220F8581800F9523A /* Debug */,
				2B41233320F8581800F9523A /* Release */,
			);
			defaultConfigurationIsVisible = 0;
			defaultConfigurationName = Release;
		};
		2B41233420F8581800F9523A /* Build configuration list for PBXNativeTarget "liveStream" */ = {
			isa = XCConfigurationList;
			buildConfigurations = (
				2B41233520F8581800F9523A /* Debug */,
				2B41233620F8581800F9523A /* Release */,
			);
			defaultConfigurationIsVisible = 0;
			defaultConfigurationName = Release;
		};
/* End XCConfigurationList section */
	};
	rootObject = 2B41231A20F8581600F9523A /* Project object */;
}
