// !$*UTF8*$!
{
	archiveVersion = 1;
	classes = {
	};
	objectVersion = 50;
	objects = {

/* Begin PBXBuildFile section */
		2B1E9C4920FE6A8C005FCBD0 /* LoadViewController.swift in Sources */ = {isa = PBXBuildFile; fileRef = 2B1E9C4820FE6A8C005FCBD0 /* LoadViewController.swift */; };
		2B1E9D1921025218005FCBD0 /* ScannerViewController.swift in Sources */ = {isa = PBXBuildFile; fileRef = 2B1E9D1821025218005FCBD0 /* ScannerViewController.swift */; };
		2B356E102102B10800CCCA5A /* Path 1.png in Resources */ = {isa = PBXBuildFile; fileRef = 2B356E0D2102B10700CCCA5A /* Path 1.png */; };
		2B356E112102B10800CCCA5A /* Rectangle 1.png in Resources */ = {isa = PBXBuildFile; fileRef = 2B356E0E2102B10800CCCA5A /* Rectangle 1.png */; };
		2B356E452102B63F00CCCA5A /* Spotlight Icon - 120x120.png in Resources */ = {isa = PBXBuildFile; fileRef = 2B356E342102B63D00CCCA5A /* Spotlight Icon - 120x120.png */; };
		2B356E462102B63F00CCCA5A /* Settings Icon - 58x58.png in Resources */ = {isa = PBXBuildFile; fileRef = 2B356E352102B63E00CCCA5A /* Settings Icon - 58x58.png */; };
		2B356E472102B63F00CCCA5A /* Spotlight Icon - 40x40.png in Resources */ = {isa = PBXBuildFile; fileRef = 2B356E362102B63E00CCCA5A /* Spotlight Icon - 40x40.png */; };
		2B356E482102B63F00CCCA5A /* App Icon - 180x180.png in Resources */ = {isa = PBXBuildFile; fileRef = 2B356E372102B63E00CCCA5A /* App Icon - 180x180.png */; };
		2B356E492102B63F00CCCA5A /* App Icon - 120x120.png in Resources */ = {isa = PBXBuildFile; fileRef = 2B356E382102B63E00CCCA5A /* App Icon - 120x120.png */; };
		2B356E4A2102B63F00CCCA5A /* App Icon Main - 1024x1024.png in Resources */ = {isa = PBXBuildFile; fileRef = 2B356E392102B63E00CCCA5A /* App Icon Main - 1024x1024.png */; };
		2B356E4B2102B63F00CCCA5A /* App Icon - 114x114.png in Resources */ = {isa = PBXBuildFile; fileRef = 2B356E3A2102B63E00CCCA5A /* App Icon - 114x114.png */; };
		2B356E4C2102B63F00CCCA5A /* Notifications and Activity - 01.png in Resources */ = {isa = PBXBuildFile; fileRef = 2B356E3B2102B63E00CCCA5A /* Notifications and Activity - 01.png */; };
		2B356E4D2102B63F00CCCA5A /* Settings Icon - 29x29.png in Resources */ = {isa = PBXBuildFile; fileRef = 2B356E3C2102B63E00CCCA5A /* Settings Icon - 29x29.png */; };
		2B356E4E2102B63F00CCCA5A /* Spotlight Icon - 29x29.png in Resources */ = {isa = PBXBuildFile; fileRef = 2B356E3D2102B63E00CCCA5A /* Spotlight Icon - 29x29.png */; };
		2B356E4F2102B63F00CCCA5A /* Settings Icon - 87x87.png in Resources */ = {isa = PBXBuildFile; fileRef = 2B356E3E2102B63E00CCCA5A /* Settings Icon - 87x87.png */; };
		2B356E502102B63F00CCCA5A /* App Icon - 60x60.png in Resources */ = {isa = PBXBuildFile; fileRef = 2B356E3F2102B63E00CCCA5A /* App Icon - 60x60.png */; };
		2B356E512102B63F00CCCA5A /* Spotlight Icon - 80x80.png in Resources */ = {isa = PBXBuildFile; fileRef = 2B356E402102B63F00CCCA5A /* Spotlight Icon - 80x80.png */; };
		2B356E522102B63F00CCCA5A /* Notifications and Activity - 02.png in Resources */ = {isa = PBXBuildFile; fileRef = 2B356E412102B63F00CCCA5A /* Notifications and Activity - 02.png */; };
		2B356E532102B63F00CCCA5A /* App Icon - 57x57.png in Resources */ = {isa = PBXBuildFile; fileRef = 2B356E422102B63F00CCCA5A /* App Icon - 57x57.png */; };
		2B356E542102B63F00CCCA5A /* Notifications and Activity - 03.png in Resources */ = {isa = PBXBuildFile; fileRef = 2B356E432102B63F00CCCA5A /* Notifications and Activity - 03.png */; };
		2B356E552102B63F00CCCA5A /* Spotlight Icon - 58x58.png in Resources */ = {isa = PBXBuildFile; fileRef = 2B356E442102B63F00CCCA5A /* Spotlight Icon - 58x58.png */; };
		2B3807412120D4B500B49E4D /* Path 1.png in Resources */ = {isa = PBXBuildFile; fileRef = 2B38073D2120D4B200B49E4D /* Path 1.png */; };
		2B3807422120D4B500B49E4D /* Rectangle 1.png in Resources */ = {isa = PBXBuildFile; fileRef = 2B38073E2120D4B300B49E4D /* Rectangle 1.png */; };
		2B3807442120D4B500B49E4D /* Splashscreen.png in Resources */ = {isa = PBXBuildFile; fileRef = 2B3807402120D4B400B49E4D /* Splashscreen.png */; };
		2B41232620F8581600F9523A /* AppDelegate.swift in Sources */ = {isa = PBXBuildFile; fileRef = 2B41232520F8581600F9523A /* AppDelegate.swift */; };
		2B41232820F8581600F9523A /* ViewController.swift in Sources */ = {isa = PBXBuildFile; fileRef = 2B41232720F8581600F9523A /* ViewController.swift */; };
		2B41232B20F8581600F9523A /* Main.storyboard in Resources */ = {isa = PBXBuildFile; fileRef = 2B41232920F8581600F9523A /* Main.storyboard */; };
		2B41232D20F8581800F9523A /* Assets.xcassets in Resources */ = {isa = PBXBuildFile; fileRef = 2B41232C20F8581800F9523A /* Assets.xcassets */; };
		2B41233020F8581800F9523A /* LaunchScreen.storyboard in Resources */ = {isa = PBXBuildFile; fileRef = 2B41232E20F8581800F9523A /* LaunchScreen.storyboard */; };
		2B41233920F8584E00F9523A /* VideoToolbox.framework in Frameworks */ = {isa = PBXBuildFile; fileRef = 2B41233820F8584E00F9523A /* VideoToolbox.framework */; };
		2B41233B20F8585C00F9523A /* UIKit.framework in Frameworks */ = {isa = PBXBuildFile; fileRef = 2B41233A20F8585C00F9523A /* UIKit.framework */; };
		2B41233D20F8586D00F9523A /* SystemConfiguration.framework in Frameworks */ = {isa = PBXBuildFile; fileRef = 2B41233C20F8586D00F9523A /* SystemConfiguration.framework */; };
		2B41233F20F8587B00F9523A /* QuartzCore.framework in Frameworks */ = {isa = PBXBuildFile; fileRef = 2B41233E20F8587B00F9523A /* QuartzCore.framework */; };
		2B41234120F8588600F9523A /* Foundation.framework in Frameworks */ = {isa = PBXBuildFile; fileRef = 2B41234020F8588600F9523A /* Foundation.framework */; };
		2B41234320F8588E00F9523A /* CoreVideo.framework in Frameworks */ = {isa = PBXBuildFile; fileRef = 2B41234220F8588E00F9523A /* CoreVideo.framework */; };
		2B41234520F8589600F9523A /* CoreMedia.framework in Frameworks */ = {isa = PBXBuildFile; fileRef = 2B41234420F8589600F9523A /* CoreMedia.framework */; };
		2B41234720F858A900F9523A /* CoreLocation.framework in Frameworks */ = {isa = PBXBuildFile; fileRef = 2B41234620F858A900F9523A /* CoreLocation.framework */; };
		2B41234920F858AF00F9523A /* CoreGraphics.framework in Frameworks */ = {isa = PBXBuildFile; fileRef = 2B41234820F858AF00F9523A /* CoreGraphics.framework */; };
		2B41234B20F858B800F9523A /* AVFoundation.framework in Frameworks */ = {isa = PBXBuildFile; fileRef = 2B41234A20F858B800F9523A /* AVFoundation.framework */; };
		2B41234D20F858C200F9523A /* AudioToolbox.framework in Frameworks */ = {isa = PBXBuildFile; fileRef = 2B41234C20F858C200F9523A /* AudioToolbox.framework */; };
		2B41234F20F858CC00F9523A /* libz.tbd in Frameworks */ = {isa = PBXBuildFile; fileRef = 2B41234E20F858CC00F9523A /* libz.tbd */; };
		2B41235120F858D500F9523A /* libc++.tbd in Frameworks */ = {isa = PBXBuildFile; fileRef = 2B41235020F858D500F9523A /* libc++.tbd */; };
		2B41235320F858FB00F9523A /* prebuilt in Resources */ = {isa = PBXBuildFile; fileRef = 2B41235220F858FB00F9523A /* prebuilt */; };
		2B41235520F8595500F9523A /* libbambuser.a in Frameworks */ = {isa = PBXBuildFile; fileRef = 2B41235420F8595400F9523A /* libbambuser.a */; };
		2B41235720F8595D00F9523A /* libbambuserplayer.a in Frameworks */ = {isa = PBXBuildFile; fileRef = 2B41235620F8595D00F9523A /* libbambuserplayer.a */; };
		2BA0CCD62113117B0093C5BC /* QRCodeIcon.png in Resources */ = {isa = PBXBuildFile; fileRef = 2BA0CCD52113117B0093C5BC /* QRCodeIcon.png */; };
		2BA0CCE021131B140093C5BC /* BackArrow.png in Resources */ = {isa = PBXBuildFile; fileRef = 2BA0CCDF21131B140093C5BC /* BackArrow.png */; };
		2BA0CCE62113A4770093C5BC /* loadingt.png in Resources */ = {isa = PBXBuildFile; fileRef = 2BA0CCE52113A4770093C5BC /* loadingt.png */; };
		2BA0CCFE211455110093C5BC /* homeViewController.swift in Sources */ = {isa = PBXBuildFile; fileRef = 2BA0CCFD211455110093C5BC /* homeViewController.swift */; };
		2BA0CD112114BC240093C5BC /* DismissButtonNoText.png in Resources */ = {isa = PBXBuildFile; fileRef = 2BA0CD0B2114BC230093C5BC /* DismissButtonNoText.png */; };
		2BA0CD122114BC240093C5BC /* RedBottomBar.png in Resources */ = {isa = PBXBuildFile; fileRef = 2BA0CD0C2114BC230093C5BC /* RedBottomBar.png */; };
		2BA0CD132114BC240093C5BC /* TopbarLogo.png in Resources */ = {isa = PBXBuildFile; fileRef = 2BA0CD0D2114BC240093C5BC /* TopbarLogo.png */; };
		2BA0CD142114BC240093C5BC /* TopbarNoText.png in Resources */ = {isa = PBXBuildFile; fileRef = 2BA0CD0E2114BC240093C5BC /* TopbarNoText.png */; };
		2BA0CD152114BC240093C5BC /* StandardButton.png in Resources */ = {isa = PBXBuildFile; fileRef = 2BA0CD0F2114BC240093C5BC /* StandardButton.png */; };
		2BA0CD182114BC4F0093C5BC /* BottomBarWhite.png in Resources */ = {isa = PBXBuildFile; fileRef = 2BA0CD172114BC4E0093C5BC /* BottomBarWhite.png */; };
		2BA0CD1A2114E1300093C5BC /* WebViewContent.html in Resources */ = {isa = PBXBuildFile; fileRef = 2BA0CD192114E1300093C5BC /* WebViewContent.html */; };
		2BA0CD1E2114EF810093C5BC /* HomescreenVideo.gif in Resources */ = {isa = PBXBuildFile; fileRef = 2BA0CD1D2114EF800093C5BC /* HomescreenVideo.gif */; };
		2BA0CD26211504D50093C5BC /* FirstCustomSegue.swift in Sources */ = {isa = PBXBuildFile; fileRef = 2BA0CD25211504D50093C5BC /* FirstCustomSegue.swift */; };
		2BD6CFE4213FDD02009F3C5A /* SaveButton.png in Resources */ = {isa = PBXBuildFile; fileRef = 2BD6CFD5213FDCF9009F3C5A /* SaveButton.png */; };
		2BD6CFE6213FDD02009F3C5A /* HomeButton.png in Resources */ = {isa = PBXBuildFile; fileRef = 2BD6CFD7213FDCFA009F3C5A /* HomeButton.png */; };
		2BD6CFED213FDD02009F3C5A /* GreyBackground.png in Resources */ = {isa = PBXBuildFile; fileRef = 2BD6CFDE213FDCFF009F3C5A /* GreyBackground.png */; };
		2BD6CFEF213FDD02009F3C5A /* DismissButton.png in Resources */ = {isa = PBXBuildFile; fileRef = 2BD6CFE0213FDD01009F3C5A /* DismissButton.png */; };
		2BD6CFF1213FE228009F3C5A /* BottomBarNoTextTest.png in Resources */ = {isa = PBXBuildFile; fileRef = 2BD6CFF0213FE227009F3C5A /* BottomBarNoTextTest.png */; };
		2BD6CFF8213FE5CB009F3C5A /* Dismiss Button.png in Resources */ = {isa = PBXBuildFile; fileRef = 2BD6CFF6213FE5CA009F3C5A /* Dismiss Button.png */; };
		2BD6CFF9213FE5CB009F3C5A /* Save Button.png in Resources */ = {isa = PBXBuildFile; fileRef = 2BD6CFF7213FE5CA009F3C5A /* Save Button.png */; };
		2BD6CFFB213FE98A009F3C5A /* TopImageBar.png in Resources */ = {isa = PBXBuildFile; fileRef = 2BD6CFFA213FE989009F3C5A /* TopImageBar.png */; };
		2BD6CFFD213FEEC2009F3C5A /* ImageSavedPrompt.png in Resources */ = {isa = PBXBuildFile; fileRef = 2BD6CFFC213FEEC1009F3C5A /* ImageSavedPrompt.png */; };
		2BD6CFFF213FF20D009F3C5A /* RoundedButton.png in Resources */ = {isa = PBXBuildFile; fileRef = 2BD6CFFE213FF20C009F3C5A /* RoundedButton.png */; };
		2BD6D00321400CB4009F3C5A /* BroadcastOver.png in Resources */ = {isa = PBXBuildFile; fileRef = 2BD6D00221400CB3009F3C5A /* BroadcastOver.png */; };
		2BD6D005214012B0009F3C5A /* PleaseWaitScreen.png in Resources */ = {isa = PBXBuildFile; fileRef = 2BD6D004214012B0009F3C5A /* PleaseWaitScreen.png */; };
		2BD6D0072140148C009F3C5A /* SplashScreenViewController.swift in Sources */ = {isa = PBXBuildFile; fileRef = 2BD6D0062140148C009F3C5A /* SplashScreenViewController.swift */; };
		2BF9FF3621236C5200824F05 /* BottomBarNoText.png in Resources */ = {isa = PBXBuildFile; fileRef = 2BF9FF3521236C5200824F05 /* BottomBarNoText.png */; };
		58FB28139204249627FEFF97 /* Pods_liveStream.framework in Frameworks */ = {isa = PBXBuildFile; fileRef = 6531C497F5503291AF58B3A5 /* Pods_liveStream.framework */; };
/* End PBXBuildFile section */

/* Begin PBXCopyFilesBuildPhase section */
		2B1E9CAE20FFDB29005FCBD0 /* Embed Frameworks */ = {
			isa = PBXCopyFilesBuildPhase;
			buildActionMask = 2147483647;
			dstPath = "";
			dstSubfolderSpec = 10;
			files = (
			);
			name = "Embed Frameworks";
			runOnlyForDeploymentPostprocessing = 0;
		};
/* End PBXCopyFilesBuildPhase section */

/* Begin PBXFileReference section */
		2B1E9C4220FE6709005FCBD0 /* libbambuser.h */ = {isa = PBXFileReference; fileEncoding = 4; lastKnownFileType = sourcecode.c.h; path = libbambuser.h; sourceTree = "<group>"; };
		2B1E9C4320FE6739005FCBD0 /* libbambuserplayer-constants.h */ = {isa = PBXFileReference; lastKnownFileType = sourcecode.c.h; path = "libbambuserplayer-constants.h"; sourceTree = "<group>"; };
		2B1E9C4420FE673A005FCBD0 /* BambuserViewDelegate.h */ = {isa = PBXFileReference; lastKnownFileType = sourcecode.c.h; path = BambuserViewDelegate.h; sourceTree = "<group>"; };
		2B1E9C4520FE673A005FCBD0 /* BambuserConstants.h */ = {isa = PBXFileReference; lastKnownFileType = sourcecode.c.h; path = BambuserConstants.h; sourceTree = "<group>"; };
		2B1E9C4620FE673A005FCBD0 /* libbambuser.h */ = {isa = PBXFileReference; lastKnownFileType = sourcecode.c.h; name = libbambuser.h; path = Bambuser/libbambuser.h; sourceTree = SOURCE_ROOT; };
		2B1E9C4720FE673A005FCBD0 /* libbambuserplayer.h */ = {isa = PBXFileReference; lastKnownFileType = sourcecode.c.h; path = libbambuserplayer.h; sourceTree = "<group>"; };
		2B1E9C4820FE6A8C005FCBD0 /* LoadViewController.swift */ = {isa = PBXFileReference; lastKnownFileType = sourcecode.swift; path = LoadViewController.swift; sourceTree = "<group>"; };
		2B1E9C4D20FE6D67005FCBD0 /* libbambuserplayer-bridge.h */ = {isa = PBXFileReference; fileEncoding = 4; lastKnownFileType = sourcecode.c.h; path = "libbambuserplayer-bridge.h"; sourceTree = "<group>"; };
		2B1E9D1821025218005FCBD0 /* ScannerViewController.swift */ = {isa = PBXFileReference; lastKnownFileType = sourcecode.swift; path = ScannerViewController.swift; sourceTree = "<group>"; };
		2B356E0D2102B10700CCCA5A /* Path 1.png */ = {isa = PBXFileReference; lastKnownFileType = image.png; name = "Path 1.png"; path = "../../Path 1.png"; sourceTree = "<group>"; };
		2B356E0E2102B10800CCCA5A /* Rectangle 1.png */ = {isa = PBXFileReference; lastKnownFileType = image.png; name = "Rectangle 1.png"; path = "../../Rectangle 1.png"; sourceTree = "<group>"; };
		2B356E342102B63D00CCCA5A /* Spotlight Icon - 120x120.png */ = {isa = PBXFileReference; lastKnownFileType = image.png; name = "Spotlight Icon - 120x120.png"; path = "../../AppIcon/1x/Spotlight Icon - 120x120.png"; sourceTree = "<group>"; };
		2B356E352102B63E00CCCA5A /* Settings Icon - 58x58.png */ = {isa = PBXFileReference; lastKnownFileType = image.png; name = "Settings Icon - 58x58.png"; path = "../../AppIcon/1x/Settings Icon - 58x58.png"; sourceTree = "<group>"; };
		2B356E362102B63E00CCCA5A /* Spotlight Icon - 40x40.png */ = {isa = PBXFileReference; lastKnownFileType = image.png; name = "Spotlight Icon - 40x40.png"; path = "../../AppIcon/1x/Spotlight Icon - 40x40.png"; sourceTree = "<group>"; };
		2B356E372102B63E00CCCA5A /* App Icon - 180x180.png */ = {isa = PBXFileReference; lastKnownFileType = image.png; name = "App Icon - 180x180.png"; path = "../../AppIcon/1x/App Icon - 180x180.png"; sourceTree = "<group>"; };
		2B356E382102B63E00CCCA5A /* App Icon - 120x120.png */ = {isa = PBXFileReference; lastKnownFileType = image.png; name = "App Icon - 120x120.png"; path = "../../AppIcon/1x/App Icon - 120x120.png"; sourceTree = "<group>"; };
		2B356E392102B63E00CCCA5A /* App Icon Main - 1024x1024.png */ = {isa = PBXFileReference; lastKnownFileType = image.png; name = "App Icon Main - 1024x1024.png"; path = "../../AppIcon/1x/App Icon Main - 1024x1024.png"; sourceTree = "<group>"; };
		2B356E3A2102B63E00CCCA5A /* App Icon - 114x114.png */ = {isa = PBXFileReference; lastKnownFileType = image.png; name = "App Icon - 114x114.png"; path = "../../AppIcon/1x/App Icon - 114x114.png"; sourceTree = "<group>"; };
		2B356E3B2102B63E00CCCA5A /* Notifications and Activity - 01.png */ = {isa = PBXFileReference; lastKnownFileType = image.png; name = "Notifications and Activity - 01.png"; path = "../../AppIcon/1x/Notifications and Activity - 01.png"; sourceTree = "<group>"; };
		2B356E3C2102B63E00CCCA5A /* Settings Icon - 29x29.png */ = {isa = PBXFileReference; lastKnownFileType = image.png; name = "Settings Icon - 29x29.png"; path = "../../AppIcon/1x/Settings Icon - 29x29.png"; sourceTree = "<group>"; };
		2B356E3D2102B63E00CCCA5A /* Spotlight Icon - 29x29.png */ = {isa = PBXFileReference; lastKnownFileType = image.png; name = "Spotlight Icon - 29x29.png"; path = "../../AppIcon/1x/Spotlight Icon - 29x29.png"; sourceTree = "<group>"; };
		2B356E3E2102B63E00CCCA5A /* Settings Icon - 87x87.png */ = {isa = PBXFileReference; lastKnownFileType = image.png; name = "Settings Icon - 87x87.png"; path = "../../AppIcon/1x/Settings Icon - 87x87.png"; sourceTree = "<group>"; };
		2B356E3F2102B63E00CCCA5A /* App Icon - 60x60.png */ = {isa = PBXFileReference; lastKnownFileType = image.png; name = "App Icon - 60x60.png"; path = "../../AppIcon/1x/App Icon - 60x60.png"; sourceTree = "<group>"; };
		2B356E402102B63F00CCCA5A /* Spotlight Icon - 80x80.png */ = {isa = PBXFileReference; lastKnownFileType = image.png; name = "Spotlight Icon - 80x80.png"; path = "../../AppIcon/1x/Spotlight Icon - 80x80.png"; sourceTree = "<group>"; };
		2B356E412102B63F00CCCA5A /* Notifications and Activity - 02.png */ = {isa = PBXFileReference; lastKnownFileType = image.png; name = "Notifications and Activity - 02.png"; path = "../../AppIcon/1x/Notifications and Activity - 02.png"; sourceTree = "<group>"; };
		2B356E422102B63F00CCCA5A /* App Icon - 57x57.png */ = {isa = PBXFileReference; lastKnownFileType = image.png; name = "App Icon - 57x57.png"; path = "../../AppIcon/1x/App Icon - 57x57.png"; sourceTree = "<group>"; };
		2B356E432102B63F00CCCA5A /* Notifications and Activity - 03.png */ = {isa = PBXFileReference; lastKnownFileType = image.png; name = "Notifications and Activity - 03.png"; path = "../../AppIcon/1x/Notifications and Activity - 03.png"; sourceTree = "<group>"; };
		2B356E442102B63F00CCCA5A /* Spotlight Icon - 58x58.png */ = {isa = PBXFileReference; lastKnownFileType = image.png; name = "Spotlight Icon - 58x58.png"; path = "../../AppIcon/1x/Spotlight Icon - 58x58.png"; sourceTree = "<group>"; };
		2B38073D2120D4B200B49E4D /* Path 1.png */ = {isa = PBXFileReference; lastKnownFileType = image.png; path = "Path 1.png"; sourceTree = "<group>"; };
		2B38073E2120D4B300B49E4D /* Rectangle 1.png */ = {isa = PBXFileReference; lastKnownFileType = image.png; path = "Rectangle 1.png"; sourceTree = "<group>"; };
		2B3807402120D4B400B49E4D /* Splashscreen.png */ = {isa = PBXFileReference; lastKnownFileType = image.png; name = Splashscreen.png; path = ../../Splashscreen.png; sourceTree = "<group>"; };
		2B41232220F8581600F9523A /* liveStream.app */ = {isa = PBXFileReference; explicitFileType = wrapper.application; includeInIndex = 0; path = liveStream.app; sourceTree = BUILT_PRODUCTS_DIR; };
		2B41232520F8581600F9523A /* AppDelegate.swift */ = {isa = PBXFileReference; lastKnownFileType = sourcecode.swift; path = AppDelegate.swift; sourceTree = "<group>"; };
		2B41232720F8581600F9523A /* ViewController.swift */ = {isa = PBXFileReference; lastKnownFileType = sourcecode.swift; path = ViewController.swift; sourceTree = "<group>"; };
		2B41232A20F8581600F9523A /* Base */ = {isa = PBXFileReference; lastKnownFileType = file.storyboard; name = Base; path = Base.lproj/Main.storyboard; sourceTree = "<group>"; };
		2B41232C20F8581800F9523A /* Assets.xcassets */ = {isa = PBXFileReference; lastKnownFileType = folder.assetcatalog; path = Assets.xcassets; sourceTree = "<group>"; };
		2B41232F20F8581800F9523A /* Base */ = {isa = PBXFileReference; lastKnownFileType = file.storyboard; name = Base; path = Base.lproj/LaunchScreen.storyboard; sourceTree = "<group>"; };
		2B41233120F8581800F9523A /* Info.plist */ = {isa = PBXFileReference; lastKnownFileType = text.plist.xml; path = Info.plist; sourceTree = "<group>"; };
		2B41233820F8584E00F9523A /* VideoToolbox.framework */ = {isa = PBXFileReference; lastKnownFileType = wrapper.framework; name = VideoToolbox.framework; path = System/Library/Frameworks/VideoToolbox.framework; sourceTree = SDKROOT; };
		2B41233A20F8585C00F9523A /* UIKit.framework */ = {isa = PBXFileReference; lastKnownFileType = wrapper.framework; name = UIKit.framework; path = System/Library/Frameworks/UIKit.framework; sourceTree = SDKROOT; };
		2B41233C20F8586D00F9523A /* SystemConfiguration.framework */ = {isa = PBXFileReference; lastKnownFileType = wrapper.framework; name = SystemConfiguration.framework; path = System/Library/Frameworks/SystemConfiguration.framework; sourceTree = SDKROOT; };
		2B41233E20F8587B00F9523A /* QuartzCore.framework */ = {isa = PBXFileReference; lastKnownFileType = wrapper.framework; name = QuartzCore.framework; path = System/Library/Frameworks/QuartzCore.framework; sourceTree = SDKROOT; };
		2B41234020F8588600F9523A /* Foundation.framework */ = {isa = PBXFileReference; lastKnownFileType = wrapper.framework; name = Foundation.framework; path = System/Library/Frameworks/Foundation.framework; sourceTree = SDKROOT; };
		2B41234220F8588E00F9523A /* CoreVideo.framework */ = {isa = PBXFileReference; lastKnownFileType = wrapper.framework; name = CoreVideo.framework; path = System/Library/Frameworks/CoreVideo.framework; sourceTree = SDKROOT; };
		2B41234420F8589600F9523A /* CoreMedia.framework */ = {isa = PBXFileReference; lastKnownFileType = wrapper.framework; name = CoreMedia.framework; path = System/Library/Frameworks/CoreMedia.framework; sourceTree = SDKROOT; };
		2B41234620F858A900F9523A /* CoreLocation.framework */ = {isa = PBXFileReference; lastKnownFileType = wrapper.framework; name = CoreLocation.framework; path = System/Library/Frameworks/CoreLocation.framework; sourceTree = SDKROOT; };
		2B41234820F858AF00F9523A /* CoreGraphics.framework */ = {isa = PBXFileReference; lastKnownFileType = wrapper.framework; name = CoreGraphics.framework; path = System/Library/Frameworks/CoreGraphics.framework; sourceTree = SDKROOT; };
		2B41234A20F858B800F9523A /* AVFoundation.framework */ = {isa = PBXFileReference; lastKnownFileType = wrapper.framework; name = AVFoundation.framework; path = System/Library/Frameworks/AVFoundation.framework; sourceTree = SDKROOT; };
		2B41234C20F858C200F9523A /* AudioToolbox.framework */ = {isa = PBXFileReference; lastKnownFileType = wrapper.framework; name = AudioToolbox.framework; path = System/Library/Frameworks/AudioToolbox.framework; sourceTree = SDKROOT; };
		2B41234E20F858CC00F9523A /* libz.tbd */ = {isa = PBXFileReference; lastKnownFileType = "sourcecode.text-based-dylib-definition"; name = libz.tbd; path = usr/lib/libz.tbd; sourceTree = SDKROOT; };
		2B41235020F858D500F9523A /* libc++.tbd */ = {isa = PBXFileReference; lastKnownFileType = "sourcecode.text-based-dylib-definition"; name = "libc++.tbd"; path = "usr/lib/libc++.tbd"; sourceTree = SDKROOT; };
		2B41235220F858FB00F9523A /* prebuilt */ = {isa = PBXFileReference; lastKnownFileType = folder; path = prebuilt; sourceTree = "<group>"; };
		2B41235420F8595400F9523A /* libbambuser.a */ = {isa = PBXFileReference; lastKnownFileType = archive.ar; name = libbambuser.a; path = prebuilt/lib/libbambuser.a; sourceTree = "<group>"; };
		2B41235620F8595D00F9523A /* libbambuserplayer.a */ = {isa = PBXFileReference; lastKnownFileType = archive.ar; path = libbambuserplayer.a; sourceTree = "<group>"; };
		2B41235820F859A600F9523A /* libbambuser-bridge.h */ = {isa = PBXFileReference; lastKnownFileType = sourcecode.c.h; path = "libbambuser-bridge.h"; sourceTree = "<group>"; };
		2BA0CCD52113117B0093C5BC /* QRCodeIcon.png */ = {isa = PBXFileReference; lastKnownFileType = image.png; path = QRCodeIcon.png; sourceTree = "<group>"; };
		2BA0CCDF21131B140093C5BC /* BackArrow.png */ = {isa = PBXFileReference; lastKnownFileType = image.png; path = BackArrow.png; sourceTree = "<group>"; };
		2BA0CCE52113A4770093C5BC /* loadingt.png */ = {isa = PBXFileReference; lastKnownFileType = image.png; path = loadingt.png; sourceTree = "<group>"; };
		2BA0CCFD211455110093C5BC /* homeViewController.swift */ = {isa = PBXFileReference; lastKnownFileType = sourcecode.swift; path = homeViewController.swift; sourceTree = "<group>"; };
		2BA0CD0B2114BC230093C5BC /* DismissButtonNoText.png */ = {isa = PBXFileReference; lastKnownFileType = image.png; path = DismissButtonNoText.png; sourceTree = "<group>"; };
		2BA0CD0C2114BC230093C5BC /* RedBottomBar.png */ = {isa = PBXFileReference; lastKnownFileType = image.png; path = RedBottomBar.png; sourceTree = "<group>"; };
		2BA0CD0D2114BC240093C5BC /* TopbarLogo.png */ = {isa = PBXFileReference; lastKnownFileType = image.png; path = TopbarLogo.png; sourceTree = "<group>"; };
		2BA0CD0E2114BC240093C5BC /* TopbarNoText.png */ = {isa = PBXFileReference; lastKnownFileType = image.png; path = TopbarNoText.png; sourceTree = "<group>"; };
		2BA0CD0F2114BC240093C5BC /* StandardButton.png */ = {isa = PBXFileReference; lastKnownFileType = image.png; path = StandardButton.png; sourceTree = "<group>"; };
		2BA0CD172114BC4E0093C5BC /* BottomBarWhite.png */ = {isa = PBXFileReference; lastKnownFileType = image.png; path = BottomBarWhite.png; sourceTree = "<group>"; };
		2BA0CD192114E1300093C5BC /* WebViewContent.html */ = {isa = PBXFileReference; lastKnownFileType = text.html; path = WebViewContent.html; sourceTree = "<group>"; };
		2BA0CD1D2114EF800093C5BC /* HomescreenVideo.gif */ = {isa = PBXFileReference; lastKnownFileType = image.gif; path = HomescreenVideo.gif; sourceTree = "<group>"; };
		2BA0CD25211504D50093C5BC /* FirstCustomSegue.swift */ = {isa = PBXFileReference; lastKnownFileType = sourcecode.swift; path = FirstCustomSegue.swift; sourceTree = "<group>"; };
		2BD6CFD5213FDCF9009F3C5A /* SaveButton.png */ = {isa = PBXFileReference; lastKnownFileType = image.png; path = SaveButton.png; sourceTree = "<group>"; };
		2BD6CFD7213FDCFA009F3C5A /* HomeButton.png */ = {isa = PBXFileReference; lastKnownFileType = image.png; path = HomeButton.png; sourceTree = "<group>"; };
		2BD6CFDE213FDCFF009F3C5A /* GreyBackground.png */ = {isa = PBXFileReference; lastKnownFileType = image.png; path = GreyBackground.png; sourceTree = "<group>"; };
		2BD6CFE0213FDD01009F3C5A /* DismissButton.png */ = {isa = PBXFileReference; lastKnownFileType = image.png; path = DismissButton.png; sourceTree = "<group>"; };
		2BD6CFF0213FE227009F3C5A /* BottomBarNoTextTest.png */ = {isa = PBXFileReference; lastKnownFileType = image.png; path = BottomBarNoTextTest.png; sourceTree = "<group>"; };
		2BD6CFF6213FE5CA009F3C5A /* Dismiss Button.png */ = {isa = PBXFileReference; lastKnownFileType = image.png; path = "Dismiss Button.png"; sourceTree = "<group>"; };
		2BD6CFF7213FE5CA009F3C5A /* Save Button.png */ = {isa = PBXFileReference; lastKnownFileType = image.png; path = "Save Button.png"; sourceTree = "<group>"; };
		2BD6CFFA213FE989009F3C5A /* TopImageBar.png */ = {isa = PBXFileReference; lastKnownFileType = image.png; path = TopImageBar.png; sourceTree = "<group>"; };
		2BD6CFFC213FEEC1009F3C5A /* ImageSavedPrompt.png */ = {isa = PBXFileReference; lastKnownFileType = image.png; path = ImageSavedPrompt.png; sourceTree = "<group>"; };
		2BD6CFFE213FF20C009F3C5A /* RoundedButton.png */ = {isa = PBXFileReference; lastKnownFileType = image.png; path = RoundedButton.png; sourceTree = "<group>"; };
		2BD6D00221400CB3009F3C5A /* BroadcastOver.png */ = {isa = PBXFileReference; lastKnownFileType = image.png; path = BroadcastOver.png; sourceTree = "<group>"; };
		2BD6D004214012B0009F3C5A /* PleaseWaitScreen.png */ = {isa = PBXFileReference; lastKnownFileType = image.png; path = PleaseWaitScreen.png; sourceTree = "<group>"; };
		2BD6D0062140148C009F3C5A /* SplashScreenViewController.swift */ = {isa = PBXFileReference; lastKnownFileType = sourcecode.swift; path = SplashScreenViewController.swift; sourceTree = "<group>"; };
		2BF9FF3521236C5200824F05 /* BottomBarNoText.png */ = {isa = PBXFileReference; lastKnownFileType = image.png; name = BottomBarNoText.png; path = "../../liveStream Designs/BottomBarNoText.png"; sourceTree = "<group>"; };
		6531C497F5503291AF58B3A5 /* Pods_liveStream.framework */ = {isa = PBXFileReference; explicitFileType = wrapper.framework; includeInIndex = 0; path = Pods_liveStream.framework; sourceTree = BUILT_PRODUCTS_DIR; };
		884A08034EABB69FACD3FCF9 /* Pods-liveStream.debug.xcconfig */ = {isa = PBXFileReference; includeInIndex = 1; lastKnownFileType = text.xcconfig; name = "Pods-liveStream.debug.xcconfig"; path = "Pods/Target Support Files/Pods-liveStream/Pods-liveStream.debug.xcconfig"; sourceTree = "<group>"; };
		C0FC64D7190A544062020AB6 /* Pods-liveStream.release.xcconfig */ = {isa = PBXFileReference; includeInIndex = 1; lastKnownFileType = text.xcconfig; name = "Pods-liveStream.release.xcconfig"; path = "Pods/Target Support Files/Pods-liveStream/Pods-liveStream.release.xcconfig"; sourceTree = "<group>"; };
/* End PBXFileReference section */

/* Begin PBXFrameworksBuildPhase section */
		2B41231F20F8581600F9523A /* Frameworks */ = {
			isa = PBXFrameworksBuildPhase;
			buildActionMask = 2147483647;
			files = (
				2B41235520F8595500F9523A /* libbambuser.a in Frameworks */,
				2B41235120F858D500F9523A /* libc++.tbd in Frameworks */,
				2B41235720F8595D00F9523A /* libbambuserplayer.a in Frameworks */,
				2B41234F20F858CC00F9523A /* libz.tbd in Frameworks */,
				2B41234D20F858C200F9523A /* AudioToolbox.framework in Frameworks */,
				2B41234B20F858B800F9523A /* AVFoundation.framework in Frameworks */,
				2B41234920F858AF00F9523A /* CoreGraphics.framework in Frameworks */,
				2B41234720F858A900F9523A /* CoreLocation.framework in Frameworks */,
				2B41234520F8589600F9523A /* CoreMedia.framework in Frameworks */,
				2B41234320F8588E00F9523A /* CoreVideo.framework in Frameworks */,
				2B41234120F8588600F9523A /* Foundation.framework in Frameworks */,
				2B41233F20F8587B00F9523A /* QuartzCore.framework in Frameworks */,
				2B41233D20F8586D00F9523A /* SystemConfiguration.framework in Frameworks */,
				2B41233B20F8585C00F9523A /* UIKit.framework in Frameworks */,
				2B41233920F8584E00F9523A /* VideoToolbox.framework in Frameworks */,
				58FB28139204249627FEFF97 /* Pods_liveStream.framework in Frameworks */,
			);
			runOnlyForDeploymentPostprocessing = 0;
		};
/* End PBXFrameworksBuildPhase section */

/* Begin PBXGroup section */
		2B1BA05C2102991E00CAB819 /* Icons */ = {
			isa = PBXGroup;
			children = (
				2B356E422102B63F00CCCA5A /* App Icon - 57x57.png */,
				2B356E3F2102B63E00CCCA5A /* App Icon - 60x60.png */,
				2B356E3A2102B63E00CCCA5A /* App Icon - 114x114.png */,
				2B356E382102B63E00CCCA5A /* App Icon - 120x120.png */,
				2B356E372102B63E00CCCA5A /* App Icon - 180x180.png */,
				2B356E392102B63E00CCCA5A /* App Icon Main - 1024x1024.png */,
				2B356E3B2102B63E00CCCA5A /* Notifications and Activity - 01.png */,
				2B356E412102B63F00CCCA5A /* Notifications and Activity - 02.png */,
				2B356E432102B63F00CCCA5A /* Notifications and Activity - 03.png */,
				2B356E3C2102B63E00CCCA5A /* Settings Icon - 29x29.png */,
				2B356E352102B63E00CCCA5A /* Settings Icon - 58x58.png */,
				2B356E3E2102B63E00CCCA5A /* Settings Icon - 87x87.png */,
				2B356E3D2102B63E00CCCA5A /* Spotlight Icon - 29x29.png */,
				2B356E362102B63E00CCCA5A /* Spotlight Icon - 40x40.png */,
				2B356E442102B63F00CCCA5A /* Spotlight Icon - 58x58.png */,
				2B356E402102B63F00CCCA5A /* Spotlight Icon - 80x80.png */,
				2B356E342102B63D00CCCA5A /* Spotlight Icon - 120x120.png */,
			);
			path = Icons;
			sourceTree = "<group>";
		};
		2B1E9C4E20FE7612005FCBD0 /* Design */ = {
			isa = PBXGroup;
			children = (
				2BD6D00221400CB3009F3C5A /* BroadcastOver.png */,
				2BD6CFFE213FF20C009F3C5A /* RoundedButton.png */,
				2BD6CFFA213FE989009F3C5A /* TopImageBar.png */,
				2BD6CFFC213FEEC1009F3C5A /* ImageSavedPrompt.png */,
				2BD6CFF6213FE5CA009F3C5A /* Dismiss Button.png */,
				2BD6D004214012B0009F3C5A /* PleaseWaitScreen.png */,
				2BD6CFF7213FE5CA009F3C5A /* Save Button.png */,
				2BD6CFF0213FE227009F3C5A /* BottomBarNoTextTest.png */,
				2BD6CFE0213FDD01009F3C5A /* DismissButton.png */,
				2BD6CFD5213FDCF9009F3C5A /* SaveButton.png */,
				2BD6CFD7213FDCFA009F3C5A /* HomeButton.png */,
				2BD6CFDE213FDCFF009F3C5A /* GreyBackground.png */,
				2BF9FF3521236C5200824F05 /* BottomBarNoText.png */,
				2B38073D2120D4B200B49E4D /* Path 1.png */,
				2B38073E2120D4B300B49E4D /* Rectangle 1.png */,
				2B3807402120D4B400B49E4D /* Splashscreen.png */,
				2BA0CD1D2114EF800093C5BC /* HomescreenVideo.gif */,
				2BA0CD172114BC4E0093C5BC /* BottomBarWhite.png */,
				2BA0CD0B2114BC230093C5BC /* DismissButtonNoText.png */,
				2BA0CD0F2114BC240093C5BC /* StandardButton.png */,
				2BA0CD0C2114BC230093C5BC /* RedBottomBar.png */,
				2BA0CD0E2114BC240093C5BC /* TopbarNoText.png */,
				2BA0CD0D2114BC240093C5BC /* TopbarLogo.png */,
				2BA0CCE52113A4770093C5BC /* loadingt.png */,
				2BA0CCDF21131B140093C5BC /* BackArrow.png */,
				2BA0CCD52113117B0093C5BC /* QRCodeIcon.png */,
				2B356E0D2102B10700CCCA5A /* Path 1.png */,
				2B356E0E2102B10800CCCA5A /* Rectangle 1.png */,
			);
			path = Design;
			sourceTree = "<group>";
		};
		2B41231920F8581600F9523A = {
			isa = PBXGroup;
			children = (
				2B1BA05C2102991E00CAB819 /* Icons */,
				2B1E9C4E20FE7612005FCBD0 /* Design */,
				2B41232420F8581600F9523A /* liveStream */,
				2B41232320F8581600F9523A /* Products */,
				2B41233720F8584E00F9523A /* Frameworks */,
				A47C69FD1ECFBCE066C94D41 /* Pods */,
			);
			sourceTree = "<group>";
		};
		2B41232320F8581600F9523A /* Products */ = {
			isa = PBXGroup;
			children = (
				2B41232220F8581600F9523A /* liveStream.app */,
			);
			name = Products;
			sourceTree = "<group>";
		};
		2B41232420F8581600F9523A /* liveStream */ = {
			isa = PBXGroup;
			children = (
				2B1E9C4D20FE6D67005FCBD0 /* libbambuserplayer-bridge.h */,
				2B1E9C4520FE673A005FCBD0 /* BambuserConstants.h */,
				2B1E9C4420FE673A005FCBD0 /* BambuserViewDelegate.h */,
				2B1E9C4220FE6709005FCBD0 /* libbambuser.h */,
				2B1E9C4620FE673A005FCBD0 /* libbambuser.h */,
				2B1E9C4320FE6739005FCBD0 /* libbambuserplayer-constants.h */,
				2B1E9C4720FE673A005FCBD0 /* libbambuserplayer.h */,
				2B41235820F859A600F9523A /* libbambuser-bridge.h */,
				2B41232520F8581600F9523A /* AppDelegate.swift */,
				2B41232E20F8581800F9523A /* LaunchScreen.storyboard */,
				2B41233120F8581800F9523A /* Info.plist */,
				2B41232C20F8581800F9523A /* Assets.xcassets */,
				2B41232920F8581600F9523A /* Main.storyboard */,
				2B41232720F8581600F9523A /* ViewController.swift */,
				2B1E9D1821025218005FCBD0 /* ScannerViewController.swift */,
				2B1E9C4820FE6A8C005FCBD0 /* LoadViewController.swift */,
				2BA0CCFD211455110093C5BC /* homeViewController.swift */,
				2BA0CD192114E1300093C5BC /* WebViewContent.html */,
				2BA0CD25211504D50093C5BC /* FirstCustomSegue.swift */,
				2BD6D0062140148C009F3C5A /* SplashScreenViewController.swift */,
			);
			path = liveStream;
			sourceTree = "<group>";
		};
		2B41233720F8584E00F9523A /* Frameworks */ = {
			isa = PBXGroup;
			children = (
				2B41235420F8595400F9523A /* libbambuser.a */,
				2B41235620F8595D00F9523A /* libbambuserplayer.a */,
				2B41235220F858FB00F9523A /* prebuilt */,
				2B41235020F858D500F9523A /* libc++.tbd */,
				2B41234E20F858CC00F9523A /* libz.tbd */,
				2B41234C20F858C200F9523A /* AudioToolbox.framework */,
				2B41234A20F858B800F9523A /* AVFoundation.framework */,
				2B41234820F858AF00F9523A /* CoreGraphics.framework */,
				2B41234620F858A900F9523A /* CoreLocation.framework */,
				2B41234420F8589600F9523A /* CoreMedia.framework */,
				2B41234220F8588E00F9523A /* CoreVideo.framework */,
				2B41234020F8588600F9523A /* Foundation.framework */,
				2B41233E20F8587B00F9523A /* QuartzCore.framework */,
				2B41233C20F8586D00F9523A /* SystemConfiguration.framework */,
				2B41233A20F8585C00F9523A /* UIKit.framework */,
				2B41233820F8584E00F9523A /* VideoToolbox.framework */,
				6531C497F5503291AF58B3A5 /* Pods_liveStream.framework */,
			);
			name = Frameworks;
			sourceTree = "<group>";
		};
		A47C69FD1ECFBCE066C94D41 /* Pods */ = {
			isa = PBXGroup;
			children = (
				884A08034EABB69FACD3FCF9 /* Pods-liveStream.debug.xcconfig */,
				C0FC64D7190A544062020AB6 /* Pods-liveStream.release.xcconfig */,
			);
			name = Pods;
			sourceTree = "<group>";
		};
/* End PBXGroup section */

/* Begin PBXNativeTarget section */
		2B41232120F8581600F9523A /* liveStream */ = {
			isa = PBXNativeTarget;
			buildConfigurationList = 2B41233420F8581800F9523A /* Build configuration list for PBXNativeTarget "liveStream" */;
			buildPhases = (
				3A7C19D2AC308D73B6CAA976 /* [CP] Check Pods Manifest.lock */,
				2B41231E20F8581600F9523A /* Sources */,
				2B41231F20F8581600F9523A /* Frameworks */,
				2B41232020F8581600F9523A /* Resources */,
				2B1E9CAE20FFDB29005FCBD0 /* Embed Frameworks */,
				1F4DF8F2918EDDD2009CE8AB /* [CP] Embed Pods Frameworks */,
			);
			buildRules = (
			);
			dependencies = (
			);
			name = liveStream;
			productName = liveStream;
			productReference = 2B41232220F8581600F9523A /* liveStream.app */;
			productType = "com.apple.product-type.application";
		};
/* End PBXNativeTarget section */

/* Begin PBXProject section */
		2B41231A20F8581600F9523A /* Project object */ = {
			isa = PBXProject;
			attributes = {
				LastSwiftUpdateCheck = 0940;
				LastUpgradeCheck = 0940;
				ORGANIZATIONNAME = "Ben McKillop";
				TargetAttributes = {
					2B41232120F8581600F9523A = {
						CreatedOnToolsVersion = 9.4.1;
					};
				};
			};
			buildConfigurationList = 2B41231D20F8581600F9523A /* Build configuration list for PBXProject "liveStream" */;
			compatibilityVersion = "Xcode 9.3";
			developmentRegion = en;
			hasScannedForEncodings = 0;
			knownRegions = (
				en,
				Base,
			);
			mainGroup = 2B41231920F8581600F9523A;
			productRefGroup = 2B41232320F8581600F9523A /* Products */;
			projectDirPath = "";
			projectRoot = "";
			targets = (
				2B41232120F8581600F9523A /* liveStream */,
			);
		};
/* End PBXProject section */

/* Begin PBXResourcesBuildPhase section */
		2B41232020F8581600F9523A /* Resources */ = {
			isa = PBXResourcesBuildPhase;
			buildActionMask = 2147483647;
			files = (
				2B356E542102B63F00CCCA5A /* Notifications and Activity - 03.png in Resources */,
				2BA0CCD62113117B0093C5BC /* QRCodeIcon.png in Resources */,
				2BF9FF3621236C5200824F05 /* BottomBarNoText.png in Resources */,
				2B356E102102B10800CCCA5A /* Path 1.png in Resources */,
				2BA0CD112114BC240093C5BC /* DismissButtonNoText.png in Resources */,
				2B356E4B2102B63F00CCCA5A /* App Icon - 114x114.png in Resources */,
				2B356E512102B63F00CCCA5A /* Spotlight Icon - 80x80.png in Resources */,
				2B356E4D2102B63F00CCCA5A /* Settings Icon - 29x29.png in Resources */,
				2B356E4A2102B63F00CCCA5A /* App Icon Main - 1024x1024.png in Resources */,
				2BD6CFFF213FF20D009F3C5A /* RoundedButton.png in Resources */,
				2BD6CFEF213FDD02009F3C5A /* DismissButton.png in Resources */,
				2B356E4F2102B63F00CCCA5A /* Settings Icon - 87x87.png in Resources */,
				2B356E4C2102B63F00CCCA5A /* Notifications and Activity - 01.png in Resources */,
				2B41233020F8581800F9523A /* LaunchScreen.storyboard in Resources */,
				2B356E462102B63F00CCCA5A /* Settings Icon - 58x58.png in Resources */,
				2BD6CFE6213FDD02009F3C5A /* HomeButton.png in Resources */,
				2BD6CFFD213FEEC2009F3C5A /* ImageSavedPrompt.png in Resources */,
				2BD6CFF8213FE5CB009F3C5A /* Dismiss Button.png in Resources */,
				2B3807412120D4B500B49E4D /* Path 1.png in Resources */,
				2BD6CFE4213FDD02009F3C5A /* SaveButton.png in Resources */,
				2BA0CD1E2114EF810093C5BC /* HomescreenVideo.gif in Resources */,
				2B41232D20F8581800F9523A /* Assets.xcassets in Resources */,
				2BA0CD182114BC4F0093C5BC /* BottomBarWhite.png in Resources */,
				2B356E522102B63F00CCCA5A /* Notifications and Activity - 02.png in Resources */,
				2B356E452102B63F00CCCA5A /* Spotlight Icon - 120x120.png in Resources */,
				2BA0CCE021131B140093C5BC /* BackArrow.png in Resources */,
				2BA0CD122114BC240093C5BC /* RedBottomBar.png in Resources */,
				2B356E472102B63F00CCCA5A /* Spotlight Icon - 40x40.png in Resources */,
				2BD6CFED213FDD02009F3C5A /* GreyBackground.png in Resources */,
				2BD6CFF9213FE5CB009F3C5A /* Save Button.png in Resources */,
				2BD6D005214012B0009F3C5A /* PleaseWaitScreen.png in Resources */,
				2BD6CFFB213FE98A009F3C5A /* TopImageBar.png in Resources */,
				2B41232B20F8581600F9523A /* Main.storyboard in Resources */,
				2B356E502102B63F00CCCA5A /* App Icon - 60x60.png in Resources */,
				2B41235320F858FB00F9523A /* prebuilt in Resources */,
				2BD6CFF1213FE228009F3C5A /* BottomBarNoTextTest.png in Resources */,
				2BD6D00321400CB4009F3C5A /* BroadcastOver.png in Resources */,
				2BA0CD1A2114E1300093C5BC /* WebViewContent.html in Resources */,
				2B356E532102B63F00CCCA5A /* App Icon - 57x57.png in Resources */,
				2B356E552102B63F00CCCA5A /* Spotlight Icon - 58x58.png in Resources */,
				2B3807442120D4B500B49E4D /* Splashscreen.png in Resources */,
				2B356E112102B10800CCCA5A /* Rectangle 1.png in Resources */,
				2B356E4E2102B63F00CCCA5A /* Spotlight Icon - 29x29.png in Resources */,
				2BA0CD132114BC240093C5BC /* TopbarLogo.png in Resources */,
				2BA0CD152114BC240093C5BC /* StandardButton.png in Resources */,
				2BA0CD142114BC240093C5BC /* TopbarNoText.png in Resources */,
				2B3807422120D4B500B49E4D /* Rectangle 1.png in Resources */,
				2B356E492102B63F00CCCA5A /* App Icon - 120x120.png in Resources */,
				2BA0CCE62113A4770093C5BC /* loadingt.png in Resources */,
				2B356E482102B63F00CCCA5A /* App Icon - 180x180.png in Resources */,
			);
			runOnlyForDeploymentPostprocessing = 0;
		};
/* End PBXResourcesBuildPhase section */

/* Begin PBXShellScriptBuildPhase section */
		1F4DF8F2918EDDD2009CE8AB /* [CP] Embed Pods Frameworks */ = {
			isa = PBXShellScriptBuildPhase;
			buildActionMask = 2147483647;
			files = (
			);
			inputPaths = (
				"${SRCROOT}/Pods/Target Support Files/Pods-liveStream/Pods-liveStream-frameworks.sh",
				"${BUILT_PRODUCTS_DIR}/Alamofire/Alamofire.framework",
				"${BUILT_PRODUCTS_DIR}/MultiPeer/MultiPeer.framework",
				"${BUILT_PRODUCTS_DIR}/SwiftyJSON/SwiftyJSON.framework",
			);
			name = "[CP] Embed Pods Frameworks";
			outputPaths = (
				"${TARGET_BUILD_DIR}/${FRAMEWORKS_FOLDER_PATH}/Alamofire.framework",
				"${TARGET_BUILD_DIR}/${FRAMEWORKS_FOLDER_PATH}/MultiPeer.framework",
				"${TARGET_BUILD_DIR}/${FRAMEWORKS_FOLDER_PATH}/SwiftyJSON.framework",
			);
			runOnlyForDeploymentPostprocessing = 0;
			shellPath = /bin/sh;
			shellScript = "\"${SRCROOT}/Pods/Target Support Files/Pods-liveStream/Pods-liveStream-frameworks.sh\"\n";
			showEnvVarsInLog = 0;
		};
		3A7C19D2AC308D73B6CAA976 /* [CP] Check Pods Manifest.lock */ = {
			isa = PBXShellScriptBuildPhase;
			buildActionMask = 2147483647;
			files = (
			);
			inputPaths = (
				"${PODS_PODFILE_DIR_PATH}/Podfile.lock",
				"${PODS_ROOT}/Manifest.lock",
			);
			name = "[CP] Check Pods Manifest.lock";
			outputPaths = (
				"$(DERIVED_FILE_DIR)/Pods-liveStream-checkManifestLockResult.txt",
			);
			runOnlyForDeploymentPostprocessing = 0;
			shellPath = /bin/sh;
			shellScript = "diff \"${PODS_PODFILE_DIR_PATH}/Podfile.lock\" \"${PODS_ROOT}/Manifest.lock\" > /dev/null\nif [ $? != 0 ] ; then\n    # print error to STDERR\n    echo \"error: The sandbox is not in sync with the Podfile.lock. Run 'pod install' or update your CocoaPods installation.\" >&2\n    exit 1\nfi\n# This output is used by Xcode 'outputs' to avoid re-running this script phase.\necho \"SUCCESS\" > \"${SCRIPT_OUTPUT_FILE_0}\"\n";
			showEnvVarsInLog = 0;
		};
/* End PBXShellScriptBuildPhase section */

/* Begin PBXSourcesBuildPhase section */
		2B41231E20F8581600F9523A /* Sources */ = {
			isa = PBXSourcesBuildPhase;
			buildActionMask = 2147483647;
			files = (
				2B41232820F8581600F9523A /* ViewController.swift in Sources */,
				2BA0CD26211504D50093C5BC /* FirstCustomSegue.swift in Sources */,
				2BD6D0072140148C009F3C5A /* SplashScreenViewController.swift in Sources */,
				2B41232620F8581600F9523A /* AppDelegate.swift in Sources */,
				2B1E9C4920FE6A8C005FCBD0 /* LoadViewController.swift in Sources */,
				2BA0CCFE211455110093C5BC /* homeViewController.swift in Sources */,
				2B1E9D1921025218005FCBD0 /* ScannerViewController.swift in Sources */,
			);
			runOnlyForDeploymentPostprocessing = 0;
		};
/* End PBXSourcesBuildPhase section */

/* Begin PBXVariantGroup section */
		2B41232920F8581600F9523A /* Main.storyboard */ = {
			isa = PBXVariantGroup;
			children = (
				2B41232A20F8581600F9523A /* Base */,
			);
			name = Main.storyboard;
			sourceTree = "<group>";
		};
		2B41232E20F8581800F9523A /* LaunchScreen.storyboard */ = {
			isa = PBXVariantGroup;
			children = (
				2B41232F20F8581800F9523A /* Base */,
			);
			name = LaunchScreen.storyboard;
			sourceTree = "<group>";
		};
/* End PBXVariantGroup section */

/* Begin XCBuildConfiguration section */
		2B41233220F8581800F9523A /* Debug */ = {
			isa = XCBuildConfiguration;
			buildSettings = {
				ALWAYS_SEARCH_USER_PATHS = NO;
				CLANG_ANALYZER_NONNULL = YES;
				CLANG_ANALYZER_NUMBER_OBJECT_CONVERSION = YES_AGGRESSIVE;
				CLANG_CXX_LANGUAGE_STANDARD = "gnu++14";
				CLANG_CXX_LIBRARY = "libc++";
				CLANG_ENABLE_MODULES = YES;
				CLANG_ENABLE_OBJC_ARC = YES;
				CLANG_ENABLE_OBJC_WEAK = YES;
				CLANG_WARN_BLOCK_CAPTURE_AUTORELEASING = YES;
				CLANG_WARN_BOOL_CONVERSION = YES;
				CLANG_WARN_COMMA = YES;
				CLANG_WARN_CONSTANT_CONVERSION = YES;
				CLANG_WARN_DEPRECATED_OBJC_IMPLEMENTATIONS = YES;
				CLANG_WARN_DIRECT_OBJC_ISA_USAGE = YES_ERROR;
				CLANG_WARN_DOCUMENTATION_COMMENTS = YES;
				CLANG_WARN_EMPTY_BODY = YES;
				CLANG_WARN_ENUM_CONVERSION = YES;
				CLANG_WARN_INFINITE_RECURSION = YES;
				CLANG_WARN_INT_CONVERSION = YES;
				CLANG_WARN_NON_LITERAL_NULL_CONVERSION = YES;
				CLANG_WARN_OBJC_IMPLICIT_RETAIN_SELF = YES;
				CLANG_WARN_OBJC_LITERAL_CONVERSION = YES;
				CLANG_WARN_OBJC_ROOT_CLASS = YES_ERROR;
				CLANG_WARN_RANGE_LOOP_ANALYSIS = YES;
				CLANG_WARN_STRICT_PROTOTYPES = YES;
				CLANG_WARN_SUSPICIOUS_MOVE = YES;
				CLANG_WARN_UNGUARDED_AVAILABILITY = YES_AGGRESSIVE;
				CLANG_WARN_UNREACHABLE_CODE = YES;
				CLANG_WARN__DUPLICATE_METHOD_MATCH = YES;
				CODE_SIGN_IDENTITY = "iPhone Developer";
				COPY_PHASE_STRIP = NO;
				DEBUG_INFORMATION_FORMAT = dwarf;
				ENABLE_STRICT_OBJC_MSGSEND = YES;
				ENABLE_TESTABILITY = YES;
				GCC_C_LANGUAGE_STANDARD = gnu11;
				GCC_DYNAMIC_NO_PIC = NO;
				GCC_NO_COMMON_BLOCKS = YES;
				GCC_OPTIMIZATION_LEVEL = 0;
				GCC_PREPROCESSOR_DEFINITIONS = (
					"DEBUG=1",
					"$(inherited)",
				);
				GCC_WARN_64_TO_32_BIT_CONVERSION = YES;
				GCC_WARN_ABOUT_RETURN_TYPE = YES_ERROR;
				GCC_WARN_UNDECLARED_SELECTOR = YES;
				GCC_WARN_UNINITIALIZED_AUTOS = YES_AGGRESSIVE;
				GCC_WARN_UNUSED_FUNCTION = YES;
				GCC_WARN_UNUSED_VARIABLE = YES;
				IPHONEOS_DEPLOYMENT_TARGET = 11.4;
				MTL_ENABLE_DEBUG_INFO = YES;
				ONLY_ACTIVE_ARCH = YES;
				SDKROOT = iphoneos;
				SWIFT_ACTIVE_COMPILATION_CONDITIONS = DEBUG;
				SWIFT_OPTIMIZATION_LEVEL = "-Onone";
			};
			name = Debug;
		};
		2B41233320F8581800F9523A /* Release */ = {
			isa = XCBuildConfiguration;
			buildSettings = {
				ALWAYS_SEARCH_USER_PATHS = NO;
				CLANG_ANALYZER_NONNULL = YES;
				CLANG_ANALYZER_NUMBER_OBJECT_CONVERSION = YES_AGGRESSIVE;
				CLANG_CXX_LANGUAGE_STANDARD = "gnu++14";
				CLANG_CXX_LIBRARY = "libc++";
				CLANG_ENABLE_MODULES = YES;
				CLANG_ENABLE_OBJC_ARC = YES;
				CLANG_ENABLE_OBJC_WEAK = YES;
				CLANG_WARN_BLOCK_CAPTURE_AUTORELEASING = YES;
				CLANG_WARN_BOOL_CONVERSION = YES;
				CLANG_WARN_COMMA = YES;
				CLANG_WARN_CONSTANT_CONVERSION = YES;
				CLANG_WARN_DEPRECATED_OBJC_IMPLEMENTATIONS = YES;
				CLANG_WARN_DIRECT_OBJC_ISA_USAGE = YES_ERROR;
				CLANG_WARN_DOCUMENTATION_COMMENTS = YES;
				CLANG_WARN_EMPTY_BODY = YES;
				CLANG_WARN_ENUM_CONVERSION = YES;
				CLANG_WARN_INFINITE_RECURSION = YES;
				CLANG_WARN_INT_CONVERSION = YES;
				CLANG_WARN_NON_LITERAL_NULL_CONVERSION = YES;
				CLANG_WARN_OBJC_IMPLICIT_RETAIN_SELF = YES;
				CLANG_WARN_OBJC_LITERAL_CONVERSION = YES;
				CLANG_WARN_OBJC_ROOT_CLASS = YES_ERROR;
				CLANG_WARN_RANGE_LOOP_ANALYSIS = YES;
				CLANG_WARN_STRICT_PROTOTYPES = YES;
				CLANG_WARN_SUSPICIOUS_MOVE = YES;
				CLANG_WARN_UNGUARDED_AVAILABILITY = YES_AGGRESSIVE;
				CLANG_WARN_UNREACHABLE_CODE = YES;
				CLANG_WARN__DUPLICATE_METHOD_MATCH = YES;
				CODE_SIGN_IDENTITY = "iPhone Developer";
				COPY_PHASE_STRIP = NO;
				DEBUG_INFORMATION_FORMAT = "dwarf-with-dsym";
				ENABLE_NS_ASSERTIONS = NO;
				ENABLE_STRICT_OBJC_MSGSEND = YES;
				GCC_C_LANGUAGE_STANDARD = gnu11;
				GCC_NO_COMMON_BLOCKS = YES;
				GCC_WARN_64_TO_32_BIT_CONVERSION = YES;
				GCC_WARN_ABOUT_RETURN_TYPE = YES_ERROR;
				GCC_WARN_UNDECLARED_SELECTOR = YES;
				GCC_WARN_UNINITIALIZED_AUTOS = YES_AGGRESSIVE;
				GCC_WARN_UNUSED_FUNCTION = YES;
				GCC_WARN_UNUSED_VARIABLE = YES;
				IPHONEOS_DEPLOYMENT_TARGET = 11.4;
				MTL_ENABLE_DEBUG_INFO = NO;
				SDKROOT = iphoneos;
				SWIFT_COMPILATION_MODE = wholemodule;
				SWIFT_OPTIMIZATION_LEVEL = "-O";
				VALIDATE_PRODUCT = YES;
			};
			name = Release;
		};
		2B41233520F8581800F9523A /* Debug */ = {
			isa = XCBuildConfiguration;
			baseConfigurationReference = 884A08034EABB69FACD3FCF9 /* Pods-liveStream.debug.xcconfig */;
			buildSettings = {
				ALWAYS_EMBED_SWIFT_STANDARD_LIBRARIES = YES;
				ASSETCATALOG_COMPILER_APPICON_NAME = AppIcon;
				CODE_SIGN_STYLE = Automatic;
				DEVELOPMENT_TEAM = G9376M9X52;
				INFOPLIST_FILE = liveStream/Info.plist;
				IPHONEOS_DEPLOYMENT_TARGET = 11.0;
				LD_RUNPATH_SEARCH_PATHS = (
					"$(inherited)",
					"@executable_path/Frameworks",
				);
				LIBRARY_SEARCH_PATHS = (
					"$(inherited)",
					"$(PROJECT_DIR)/prebuilt/lib",
					"$(PROJECT_DIR)",
				);
				PRODUCT_BUNDLE_IDENTIFIER = com.benmckillop.liveStreamTest;
				PRODUCT_NAME = "$(TARGET_NAME)";
				SWIFT_OBJC_BRIDGING_HEADER = "/Users/benmckillop/Desktop/liveStream/liveStream/libbambuser-bridge.h";
				SWIFT_VERSION = 4.0;
				TARGETED_DEVICE_FAMILY = 1;
			};
			name = Debug;
		};
		2B41233620F8581800F9523A /* Release */ = {
			isa = XCBuildConfiguration;
			baseConfigurationReference = C0FC64D7190A544062020AB6 /* Pods-liveStream.release.xcconfig */;
			buildSettings = {
				ALWAYS_EMBED_SWIFT_STANDARD_LIBRARIES = YES;
				ASSETCATALOG_COMPILER_APPICON_NAME = AppIcon;
				CODE_SIGN_STYLE = Automatic;
				DEVELOPMENT_TEAM = G9376M9X52;
				INFOPLIST_FILE = liveStream/Info.plist;
				IPHONEOS_DEPLOYMENT_TARGET = 11.0;
				LD_RUNPATH_SEARCH_PATHS = (
					"$(inherited)",
					"@executable_path/Frameworks",
				);
				LIBRARY_SEARCH_PATHS = (
					"$(inherited)",
					"$(PROJECT_DIR)/prebuilt/lib",
					"$(PROJECT_DIR)",
				);
				PRODUCT_BUNDLE_IDENTIFIER = com.benmckillop.liveStreamTest;
				PRODUCT_NAME = "$(TARGET_NAME)";
				SWIFT_OBJC_BRIDGING_HEADER = "/Users/benmckillop/Desktop/liveStream/liveStream/libbambuser-bridge.h";
				SWIFT_VERSION = 4.0;
				TARGETED_DEVICE_FAMILY = 1;
			};
			name = Release;
		};
/* End XCBuildConfiguration section */

/* Begin XCConfigurationList section */
		2B41231D20F8581600F9523A /* Build configuration list for PBXProject "liveStream" */ = {
			isa = XCConfigurationList;
			buildConfigurations = (
				2B41233220F8581800F9523A /* Debug */,
				2B41233320F8581800F9523A /* Release */,
			);
			defaultConfigurationIsVisible = 0;
			defaultConfigurationName = Release;
		};
		2B41233420F8581800F9523A /* Build configuration list for PBXNativeTarget "liveStream" */ = {
			isa = XCConfigurationList;
			buildConfigurations = (
				2B41233520F8581800F9523A /* Debug */,
				2B41233620F8581800F9523A /* Release */,
			);
			defaultConfigurationIsVisible = 0;
			defaultConfigurationName = Release;
		};
/* End XCConfigurationList section */
	};
	rootObject = 2B41231A20F8581600F9523A /* Project object */;
}
